// !$*UTF8*$!
{
	archiveVersion = 1;
	classes = {
	};
	objectVersion = 51;
	objects = {

/* Begin PBXBuildFile section */
		2910EB62243FA4C100BCF721 /* AppDelegate.swift in Sources */ = {isa = PBXBuildFile; fileRef = 2910EB61243FA4C100BCF721 /* AppDelegate.swift */; };
		2910EB64243FA4C100BCF721 /* SceneDelegate.swift in Sources */ = {isa = PBXBuildFile; fileRef = 2910EB63243FA4C100BCF721 /* SceneDelegate.swift */; };
		2910EB66243FA4C100BCF721 /* RosterViewController.swift in Sources */ = {isa = PBXBuildFile; fileRef = 2910EB65243FA4C100BCF721 /* RosterViewController.swift */; };
		2910EB69243FA4C100BCF721 /* Roster.storyboard in Resources */ = {isa = PBXBuildFile; fileRef = 2910EB67243FA4C100BCF721 /* Roster.storyboard */; };
		2910EB6B243FA4C100BCF721 /* Assets.xcassets in Resources */ = {isa = PBXBuildFile; fileRef = 2910EB6A243FA4C100BCF721 /* Assets.xcassets */; };
		2910EB6E243FA4C100BCF721 /* LaunchScreen.storyboard in Resources */ = {isa = PBXBuildFile; fileRef = 2910EB6C243FA4C100BCF721 /* LaunchScreen.storyboard */; };
		2910EB79243FA4C100BCF721 /* StatsTrackerTests.swift in Sources */ = {isa = PBXBuildFile; fileRef = 2910EB78243FA4C100BCF721 /* StatsTrackerTests.swift */; };
		2910EB84243FA53000BCF721 /* Coordinator.swift in Sources */ = {isa = PBXBuildFile; fileRef = 2910EB83243FA53000BCF721 /* Coordinator.swift */; };
		2910EB86243FA53D00BCF721 /* Storyboarded.swift in Sources */ = {isa = PBXBuildFile; fileRef = 2910EB85243FA53D00BCF721 /* Storyboarded.swift */; };
		2910EB88243FA56A00BCF721 /* RosterCoordinator.swift in Sources */ = {isa = PBXBuildFile; fileRef = 2910EB87243FA56A00BCF721 /* RosterCoordinator.swift */; };
		2910EB90243FB1D600BCF721 /* MainTabBarController.swift in Sources */ = {isa = PBXBuildFile; fileRef = 2910EB8F243FB1D600BCF721 /* MainTabBarController.swift */; };
		2910EB92243FBFC400BCF721 /* PullCoordinator.swift in Sources */ = {isa = PBXBuildFile; fileRef = 2910EB91243FBFC400BCF721 /* PullCoordinator.swift */; };
		2910EB94243FC03000BCF721 /* Pull.storyboard in Resources */ = {isa = PBXBuildFile; fileRef = 2910EB93243FC03000BCF721 /* Pull.storyboard */; };
		2910EB96243FC05F00BCF721 /* PullViewController.swift in Sources */ = {isa = PBXBuildFile; fileRef = 2910EB95243FC05F00BCF721 /* PullViewController.swift */; };
		2939469C2443E64F0021D07B /* FirebaseAuthManager.swift in Sources */ = {isa = PBXBuildFile; fileRef = 2939469B2443E64F0021D07B /* FirebaseAuthManager.swift */; };
		293946A02443FD530021D07B /* SettingsViewController.swift in Sources */ = {isa = PBXBuildFile; fileRef = 2939469F2443FD530021D07B /* SettingsViewController.swift */; };
		29431EB2244776BB00B1302A /* EditProfileViewController.swift in Sources */ = {isa = PBXBuildFile; fileRef = 29431EB1244776BB00B1302A /* EditProfileViewController.swift */; };
		294A874024466517003FC969 /* RootViewController.swift in Sources */ = {isa = PBXBuildFile; fileRef = 294A873F24466517003FC969 /* RootViewController.swift */; };
		294A8743244666F6003FC969 /* Root.storyboard in Resources */ = {isa = PBXBuildFile; fileRef = 294A8742244666F6003FC969 /* Root.storyboard */; };
		294A874524466889003FC969 /* RootCoordinator.swift in Sources */ = {isa = PBXBuildFile; fileRef = 294A874424466889003FC969 /* RootCoordinator.swift */; };
		294A87472446A17D003FC969 /* FirestoreReferenceManager.swift in Sources */ = {isa = PBXBuildFile; fileRef = 294A87462446A17D003FC969 /* FirestoreReferenceManager.swift */; };
		294A874A2446ABFF003FC969 /* FirebaseKeys.swift in Sources */ = {isa = PBXBuildFile; fileRef = 294A87492446ABFF003FC969 /* FirebaseKeys.swift */; };
		29AD5200243FE35E0094DCDE /* TeamProfileCoordinator.swift in Sources */ = {isa = PBXBuildFile; fileRef = 29AD51FF243FE35E0094DCDE /* TeamProfileCoordinator.swift */; };
		29AD5202243FE38F0094DCDE /* TeamProfile.storyboard in Resources */ = {isa = PBXBuildFile; fileRef = 29AD5201243FE38F0094DCDE /* TeamProfile.storyboard */; };
		29AD5204243FE3C50094DCDE /* TeamProfileViewController.swift in Sources */ = {isa = PBXBuildFile; fileRef = 29AD5203243FE3C50094DCDE /* TeamProfileViewController.swift */; };
		29AD5206243FE7110094DCDE /* Games.storyboard in Resources */ = {isa = PBXBuildFile; fileRef = 29AD5205243FE7110094DCDE /* Games.storyboard */; };
		29AD5208243FE71D0094DCDE /* GamesCoordinator.swift in Sources */ = {isa = PBXBuildFile; fileRef = 29AD5207243FE71D0094DCDE /* GamesCoordinator.swift */; };
		29AD520A243FE7600094DCDE /* GamesViewController.swift in Sources */ = {isa = PBXBuildFile; fileRef = 29AD5209243FE7600094DCDE /* GamesViewController.swift */; };
		29B8B36A2440E13E0068B24D /* SignUpViewController.swift in Sources */ = {isa = PBXBuildFile; fileRef = 29B8B3692440E13E0068B24D /* SignUpViewController.swift */; };
		29B8B36C2440E1690068B24D /* LoginViewController.swift in Sources */ = {isa = PBXBuildFile; fileRef = 29B8B36B2440E1690068B24D /* LoginViewController.swift */; };
		29B8B36E2440FE640068B24D /* GoogleService-Info.plist in Resources */ = {isa = PBXBuildFile; fileRef = 29B8B36D2440FE640068B24D /* GoogleService-Info.plist */; };
		29CCF52324414233003F201A /* SettingsTableViewCell.swift in Sources */ = {isa = PBXBuildFile; fileRef = 29CCF52224414233003F201A /* SettingsTableViewCell.swift */; };
		29CCF52524414921003F201A /* Constants.swift in Sources */ = {isa = PBXBuildFile; fileRef = 29CCF52424414921003F201A /* Constants.swift */; };
		29D0E14124401238008E14F3 /* AuthCoordinator.swift in Sources */ = {isa = PBXBuildFile; fileRef = 29D0E14024401238008E14F3 /* AuthCoordinator.swift */; };
		29D0E1432440128B008E14F3 /* Auth.storyboard in Resources */ = {isa = PBXBuildFile; fileRef = 29D0E1422440128B008E14F3 /* Auth.storyboard */; };
		29D0E1452440129A008E14F3 /* HomeViewController.swift in Sources */ = {isa = PBXBuildFile; fileRef = 29D0E1442440129A008E14F3 /* HomeViewController.swift */; };
		7A4FDEB6AC2EA17757766A96 /* Pods_StatsTrackerTests.framework in Frameworks */ = {isa = PBXBuildFile; fileRef = 92126AAE536C867113DE7343 /* Pods_StatsTrackerTests.framework */; };
		FFFF87B7DBF2093BA043A989 /* Pods_StatsTracker.framework in Frameworks */ = {isa = PBXBuildFile; fileRef = E8BEBC8F5270F94EDCB9EF9E /* Pods_StatsTracker.framework */; };
/* End PBXBuildFile section */

/* Begin PBXContainerItemProxy section */
		2910EB75243FA4C100BCF721 /* PBXContainerItemProxy */ = {
			isa = PBXContainerItemProxy;
			containerPortal = 2910EB56243FA4C100BCF721 /* Project object */;
			proxyType = 1;
			remoteGlobalIDString = 2910EB5D243FA4C100BCF721;
			remoteInfo = StatsTracker;
		};
/* End PBXContainerItemProxy section */

/* Begin PBXFileReference section */
		2910EB5E243FA4C100BCF721 /* StatsTracker.app */ = {isa = PBXFileReference; explicitFileType = wrapper.application; includeInIndex = 0; path = StatsTracker.app; sourceTree = BUILT_PRODUCTS_DIR; };
		2910EB61243FA4C100BCF721 /* AppDelegate.swift */ = {isa = PBXFileReference; lastKnownFileType = sourcecode.swift; path = AppDelegate.swift; sourceTree = "<group>"; };
		2910EB63243FA4C100BCF721 /* SceneDelegate.swift */ = {isa = PBXFileReference; lastKnownFileType = sourcecode.swift; path = SceneDelegate.swift; sourceTree = "<group>"; };
		2910EB65243FA4C100BCF721 /* RosterViewController.swift */ = {isa = PBXFileReference; lastKnownFileType = sourcecode.swift; path = RosterViewController.swift; sourceTree = "<group>"; };
		2910EB68243FA4C100BCF721 /* Base */ = {isa = PBXFileReference; lastKnownFileType = file.storyboard; name = Base; path = Base.lproj/Roster.storyboard; sourceTree = "<group>"; };
		2910EB6A243FA4C100BCF721 /* Assets.xcassets */ = {isa = PBXFileReference; lastKnownFileType = folder.assetcatalog; path = Assets.xcassets; sourceTree = "<group>"; };
		2910EB6D243FA4C100BCF721 /* Base */ = {isa = PBXFileReference; lastKnownFileType = file.storyboard; name = Base; path = Base.lproj/LaunchScreen.storyboard; sourceTree = "<group>"; };
		2910EB6F243FA4C100BCF721 /* Info.plist */ = {isa = PBXFileReference; lastKnownFileType = text.plist.xml; path = Info.plist; sourceTree = "<group>"; };
		2910EB74243FA4C100BCF721 /* StatsTrackerTests.xctest */ = {isa = PBXFileReference; explicitFileType = wrapper.cfbundle; includeInIndex = 0; path = StatsTrackerTests.xctest; sourceTree = BUILT_PRODUCTS_DIR; };
		2910EB78243FA4C100BCF721 /* StatsTrackerTests.swift */ = {isa = PBXFileReference; lastKnownFileType = sourcecode.swift; path = StatsTrackerTests.swift; sourceTree = "<group>"; };
		2910EB7A243FA4C100BCF721 /* Info.plist */ = {isa = PBXFileReference; lastKnownFileType = text.plist.xml; path = Info.plist; sourceTree = "<group>"; };
		2910EB83243FA53000BCF721 /* Coordinator.swift */ = {isa = PBXFileReference; lastKnownFileType = sourcecode.swift; path = Coordinator.swift; sourceTree = "<group>"; };
		2910EB85243FA53D00BCF721 /* Storyboarded.swift */ = {isa = PBXFileReference; lastKnownFileType = sourcecode.swift; path = Storyboarded.swift; sourceTree = "<group>"; };
		2910EB87243FA56A00BCF721 /* RosterCoordinator.swift */ = {isa = PBXFileReference; lastKnownFileType = sourcecode.swift; path = RosterCoordinator.swift; sourceTree = "<group>"; };
		2910EB8F243FB1D600BCF721 /* MainTabBarController.swift */ = {isa = PBXFileReference; lastKnownFileType = sourcecode.swift; path = MainTabBarController.swift; sourceTree = "<group>"; };
		2910EB91243FBFC400BCF721 /* PullCoordinator.swift */ = {isa = PBXFileReference; lastKnownFileType = sourcecode.swift; path = PullCoordinator.swift; sourceTree = "<group>"; };
		2910EB93243FC03000BCF721 /* Pull.storyboard */ = {isa = PBXFileReference; lastKnownFileType = file.storyboard; path = Pull.storyboard; sourceTree = "<group>"; };
		2910EB95243FC05F00BCF721 /* PullViewController.swift */ = {isa = PBXFileReference; lastKnownFileType = sourcecode.swift; path = PullViewController.swift; sourceTree = "<group>"; };
		2939469B2443E64F0021D07B /* FirebaseAuthManager.swift */ = {isa = PBXFileReference; lastKnownFileType = sourcecode.swift; path = FirebaseAuthManager.swift; sourceTree = "<group>"; };
		2939469F2443FD530021D07B /* SettingsViewController.swift */ = {isa = PBXFileReference; lastKnownFileType = sourcecode.swift; path = SettingsViewController.swift; sourceTree = "<group>"; };
		29431EB1244776BB00B1302A /* EditProfileViewController.swift */ = {isa = PBXFileReference; lastKnownFileType = sourcecode.swift; path = EditProfileViewController.swift; sourceTree = "<group>"; };
		294A873F24466517003FC969 /* RootViewController.swift */ = {isa = PBXFileReference; lastKnownFileType = sourcecode.swift; path = RootViewController.swift; sourceTree = "<group>"; };
		294A8742244666F6003FC969 /* Root.storyboard */ = {isa = PBXFileReference; lastKnownFileType = file.storyboard; path = Root.storyboard; sourceTree = "<group>"; };
		294A874424466889003FC969 /* RootCoordinator.swift */ = {isa = PBXFileReference; lastKnownFileType = sourcecode.swift; path = RootCoordinator.swift; sourceTree = "<group>"; };
		294A87462446A17D003FC969 /* FirestoreReferenceManager.swift */ = {isa = PBXFileReference; lastKnownFileType = sourcecode.swift; path = FirestoreReferenceManager.swift; sourceTree = "<group>"; };
		294A87492446ABFF003FC969 /* FirebaseKeys.swift */ = {isa = PBXFileReference; lastKnownFileType = sourcecode.swift; path = FirebaseKeys.swift; sourceTree = "<group>"; };
		29AD51FF243FE35E0094DCDE /* TeamProfileCoordinator.swift */ = {isa = PBXFileReference; lastKnownFileType = sourcecode.swift; path = TeamProfileCoordinator.swift; sourceTree = "<group>"; };
		29AD5201243FE38F0094DCDE /* TeamProfile.storyboard */ = {isa = PBXFileReference; lastKnownFileType = file.storyboard; path = TeamProfile.storyboard; sourceTree = "<group>"; };
		29AD5203243FE3C50094DCDE /* TeamProfileViewController.swift */ = {isa = PBXFileReference; lastKnownFileType = sourcecode.swift; path = TeamProfileViewController.swift; sourceTree = "<group>"; };
		29AD5205243FE7110094DCDE /* Games.storyboard */ = {isa = PBXFileReference; lastKnownFileType = file.storyboard; path = Games.storyboard; sourceTree = "<group>"; };
		29AD5207243FE71D0094DCDE /* GamesCoordinator.swift */ = {isa = PBXFileReference; lastKnownFileType = sourcecode.swift; path = GamesCoordinator.swift; sourceTree = "<group>"; };
		29AD5209243FE7600094DCDE /* GamesViewController.swift */ = {isa = PBXFileReference; lastKnownFileType = sourcecode.swift; path = GamesViewController.swift; sourceTree = "<group>"; };
		29B8B3692440E13E0068B24D /* SignUpViewController.swift */ = {isa = PBXFileReference; lastKnownFileType = sourcecode.swift; path = SignUpViewController.swift; sourceTree = "<group>"; };
		29B8B36B2440E1690068B24D /* LoginViewController.swift */ = {isa = PBXFileReference; lastKnownFileType = sourcecode.swift; path = LoginViewController.swift; sourceTree = "<group>"; };
		29B8B36D2440FE640068B24D /* GoogleService-Info.plist */ = {isa = PBXFileReference; fileEncoding = 4; lastKnownFileType = text.plist.xml; path = "GoogleService-Info.plist"; sourceTree = "<group>"; };
		29CCF52224414233003F201A /* SettingsTableViewCell.swift */ = {isa = PBXFileReference; lastKnownFileType = sourcecode.swift; path = SettingsTableViewCell.swift; sourceTree = "<group>"; };
		29CCF52424414921003F201A /* Constants.swift */ = {isa = PBXFileReference; lastKnownFileType = sourcecode.swift; path = Constants.swift; sourceTree = "<group>"; };
		29D0E14024401238008E14F3 /* AuthCoordinator.swift */ = {isa = PBXFileReference; lastKnownFileType = sourcecode.swift; path = AuthCoordinator.swift; sourceTree = "<group>"; };
		29D0E1422440128B008E14F3 /* Auth.storyboard */ = {isa = PBXFileReference; lastKnownFileType = file.storyboard; path = Auth.storyboard; sourceTree = "<group>"; };
		29D0E1442440129A008E14F3 /* HomeViewController.swift */ = {isa = PBXFileReference; lastKnownFileType = sourcecode.swift; path = HomeViewController.swift; sourceTree = "<group>"; };
		2A94E478690B9B709EAC8527 /* Pods-StatsTracker.release.xcconfig */ = {isa = PBXFileReference; includeInIndex = 1; lastKnownFileType = text.xcconfig; name = "Pods-StatsTracker.release.xcconfig"; path = "Target Support Files/Pods-StatsTracker/Pods-StatsTracker.release.xcconfig"; sourceTree = "<group>"; };
		7D0D2CF08AD586DE27CE5129 /* Pods-StatsTracker.debug.xcconfig */ = {isa = PBXFileReference; includeInIndex = 1; lastKnownFileType = text.xcconfig; name = "Pods-StatsTracker.debug.xcconfig"; path = "Target Support Files/Pods-StatsTracker/Pods-StatsTracker.debug.xcconfig"; sourceTree = "<group>"; };
		92126AAE536C867113DE7343 /* Pods_StatsTrackerTests.framework */ = {isa = PBXFileReference; explicitFileType = wrapper.framework; includeInIndex = 0; path = Pods_StatsTrackerTests.framework; sourceTree = BUILT_PRODUCTS_DIR; };
		B96C0337CE51DEC03AA4D93F /* Pods-StatsTrackerTests.release.xcconfig */ = {isa = PBXFileReference; includeInIndex = 1; lastKnownFileType = text.xcconfig; name = "Pods-StatsTrackerTests.release.xcconfig"; path = "Target Support Files/Pods-StatsTrackerTests/Pods-StatsTrackerTests.release.xcconfig"; sourceTree = "<group>"; };
		E707A5421FADCA7473E4E2D2 /* Pods-StatsTrackerTests.debug.xcconfig */ = {isa = PBXFileReference; includeInIndex = 1; lastKnownFileType = text.xcconfig; name = "Pods-StatsTrackerTests.debug.xcconfig"; path = "Target Support Files/Pods-StatsTrackerTests/Pods-StatsTrackerTests.debug.xcconfig"; sourceTree = "<group>"; };
		E8BEBC8F5270F94EDCB9EF9E /* Pods_StatsTracker.framework */ = {isa = PBXFileReference; explicitFileType = wrapper.framework; includeInIndex = 0; path = Pods_StatsTracker.framework; sourceTree = BUILT_PRODUCTS_DIR; };
/* End PBXFileReference section */

/* Begin PBXFrameworksBuildPhase section */
		2910EB5B243FA4C100BCF721 /* Frameworks */ = {
			isa = PBXFrameworksBuildPhase;
			buildActionMask = 2147483647;
			files = (
				FFFF87B7DBF2093BA043A989 /* Pods_StatsTracker.framework in Frameworks */,
			);
			runOnlyForDeploymentPostprocessing = 0;
		};
		2910EB71243FA4C100BCF721 /* Frameworks */ = {
			isa = PBXFrameworksBuildPhase;
			buildActionMask = 2147483647;
			files = (
				7A4FDEB6AC2EA17757766A96 /* Pods_StatsTrackerTests.framework in Frameworks */,
			);
			runOnlyForDeploymentPostprocessing = 0;
		};
/* End PBXFrameworksBuildPhase section */

/* Begin PBXGroup section */
		2910EB55243FA4C100BCF721 = {
			isa = PBXGroup;
			children = (
				2910EB60243FA4C100BCF721 /* StatsTracker */,
				2910EB77243FA4C100BCF721 /* StatsTrackerTests */,
				2910EB5F243FA4C100BCF721 /* Products */,
				2A82467B46EBE53FA0A9B8B7 /* Pods */,
				58159F7F6CED5B5CFB49FC54 /* Frameworks */,
			);
			sourceTree = "<group>";
		};
		2910EB5F243FA4C100BCF721 /* Products */ = {
			isa = PBXGroup;
			children = (
				2910EB5E243FA4C100BCF721 /* StatsTracker.app */,
				2910EB74243FA4C100BCF721 /* StatsTrackerTests.xctest */,
			);
			name = Products;
			sourceTree = "<group>";
		};
		2910EB60243FA4C100BCF721 /* StatsTracker */ = {
			isa = PBXGroup;
			children = (
				2910EB61243FA4C100BCF721 /* AppDelegate.swift */,
				2910EB63243FA4C100BCF721 /* SceneDelegate.swift */,
				2910EB98243FC47500BCF721 /* Helpers */,
				294A8741244666D9003FC969 /* Root */,
				29D0E13F24401215008E14F3 /* Auth */,
				29AD51FA243FE2880094DCDE /* TeamProfile */,
				2910EB9A243FC5FB00BCF721 /* Roster */,
				2910EB99243FC5C800BCF721 /* Pull */,
				29AD51FB243FE2AD0094DCDE /* Games */,
				2910EB8F243FB1D600BCF721 /* MainTabBarController.swift */,
				2910EB6C243FA4C100BCF721 /* LaunchScreen.storyboard */,
				2910EB6A243FA4C100BCF721 /* Assets.xcassets */,
				2910EB6F243FA4C100BCF721 /* Info.plist */,
				29B8B36D2440FE640068B24D /* GoogleService-Info.plist */,
			);
			path = StatsTracker;
			sourceTree = "<group>";
		};
		2910EB77243FA4C100BCF721 /* StatsTrackerTests */ = {
			isa = PBXGroup;
			children = (
				2910EB78243FA4C100BCF721 /* StatsTrackerTests.swift */,
				2910EB7A243FA4C100BCF721 /* Info.plist */,
			);
			path = StatsTrackerTests;
			sourceTree = "<group>";
		};
		2910EB98243FC47500BCF721 /* Helpers */ = {
			isa = PBXGroup;
			children = (
				294A87482446ABF0003FC969 /* Firebase */,
				2910EB83243FA53000BCF721 /* Coordinator.swift */,
				2910EB85243FA53D00BCF721 /* Storyboarded.swift */,
				29CCF52424414921003F201A /* Constants.swift */,
			);
			path = Helpers;
			sourceTree = "<group>";
		};
		2910EB99243FC5C800BCF721 /* Pull */ = {
			isa = PBXGroup;
			children = (
				2910EB93243FC03000BCF721 /* Pull.storyboard */,
				2910EB91243FBFC400BCF721 /* PullCoordinator.swift */,
				2910EB95243FC05F00BCF721 /* PullViewController.swift */,
			);
			path = Pull;
			sourceTree = "<group>";
		};
		2910EB9A243FC5FB00BCF721 /* Roster */ = {
			isa = PBXGroup;
			children = (
				2910EB67243FA4C100BCF721 /* Roster.storyboard */,
				2910EB87243FA56A00BCF721 /* RosterCoordinator.swift */,
				2910EB65243FA4C100BCF721 /* RosterViewController.swift */,
			);
			path = Roster;
			sourceTree = "<group>";
		};
		294A8741244666D9003FC969 /* Root */ = {
			isa = PBXGroup;
			children = (
				294A8742244666F6003FC969 /* Root.storyboard */,
				294A874424466889003FC969 /* RootCoordinator.swift */,
				294A873F24466517003FC969 /* RootViewController.swift */,
			);
			path = Root;
			sourceTree = "<group>";
		};
		294A87482446ABF0003FC969 /* Firebase */ = {
			isa = PBXGroup;
			children = (
				294A87462446A17D003FC969 /* FirestoreReferenceManager.swift */,
				294A87492446ABFF003FC969 /* FirebaseKeys.swift */,
				2939469B2443E64F0021D07B /* FirebaseAuthManager.swift */,
			);
			path = Firebase;
			sourceTree = "<group>";
		};
		29AD51FA243FE2880094DCDE /* TeamProfile */ = {
			isa = PBXGroup;
			children = (
				29AD5201243FE38F0094DCDE /* TeamProfile.storyboard */,
				29AD51FF243FE35E0094DCDE /* TeamProfileCoordinator.swift */,
				29AD5203243FE3C50094DCDE /* TeamProfileViewController.swift */,
				2939469F2443FD530021D07B /* SettingsViewController.swift */,
				29CCF52224414233003F201A /* SettingsTableViewCell.swift */,
				29431EB1244776BB00B1302A /* EditProfileViewController.swift */,
			);
			path = TeamProfile;
			sourceTree = "<group>";
		};
		29AD51FB243FE2AD0094DCDE /* Games */ = {
			isa = PBXGroup;
			children = (
				29AD5205243FE7110094DCDE /* Games.storyboard */,
				29AD5207243FE71D0094DCDE /* GamesCoordinator.swift */,
				29AD5209243FE7600094DCDE /* GamesViewController.swift */,
			);
			path = Games;
			sourceTree = "<group>";
		};
		29D0E13F24401215008E14F3 /* Auth */ = {
			isa = PBXGroup;
			children = (
				29D0E1422440128B008E14F3 /* Auth.storyboard */,
				29D0E14024401238008E14F3 /* AuthCoordinator.swift */,
				29D0E1442440129A008E14F3 /* HomeViewController.swift */,
				29B8B3692440E13E0068B24D /* SignUpViewController.swift */,
				29B8B36B2440E1690068B24D /* LoginViewController.swift */,
			);
			path = Auth;
			sourceTree = "<group>";
		};
		2A82467B46EBE53FA0A9B8B7 /* Pods */ = {
			isa = PBXGroup;
			children = (
				7D0D2CF08AD586DE27CE5129 /* Pods-StatsTracker.debug.xcconfig */,
				2A94E478690B9B709EAC8527 /* Pods-StatsTracker.release.xcconfig */,
				E707A5421FADCA7473E4E2D2 /* Pods-StatsTrackerTests.debug.xcconfig */,
				B96C0337CE51DEC03AA4D93F /* Pods-StatsTrackerTests.release.xcconfig */,
			);
			path = Pods;
			sourceTree = "<group>";
		};
		58159F7F6CED5B5CFB49FC54 /* Frameworks */ = {
			isa = PBXGroup;
			children = (
				E8BEBC8F5270F94EDCB9EF9E /* Pods_StatsTracker.framework */,
				92126AAE536C867113DE7343 /* Pods_StatsTrackerTests.framework */,
			);
			name = Frameworks;
			sourceTree = "<group>";
		};
/* End PBXGroup section */

/* Begin PBXNativeTarget section */
		2910EB5D243FA4C100BCF721 /* StatsTracker */ = {
			isa = PBXNativeTarget;
			buildConfigurationList = 2910EB7D243FA4C100BCF721 /* Build configuration list for PBXNativeTarget "StatsTracker" */;
			buildPhases = (
				EC4A2CBE197332A7A93BB624 /* [CP] Check Pods Manifest.lock */,
				2910EB5A243FA4C100BCF721 /* Sources */,
				2910EB5B243FA4C100BCF721 /* Frameworks */,
				2910EB5C243FA4C100BCF721 /* Resources */,
				54819AF6DD83C6B7A0A28D71 /* [CP] Embed Pods Frameworks */,
			);
			buildRules = (
			);
			dependencies = (
			);
			name = StatsTracker;
			productName = StatsTracker;
			productReference = 2910EB5E243FA4C100BCF721 /* StatsTracker.app */;
			productType = "com.apple.product-type.application";
		};
		2910EB73243FA4C100BCF721 /* StatsTrackerTests */ = {
			isa = PBXNativeTarget;
			buildConfigurationList = 2910EB80243FA4C100BCF721 /* Build configuration list for PBXNativeTarget "StatsTrackerTests" */;
			buildPhases = (
				A875CDDEB9635BB018E4ED57 /* [CP] Check Pods Manifest.lock */,
				2910EB70243FA4C100BCF721 /* Sources */,
				2910EB71243FA4C100BCF721 /* Frameworks */,
				2910EB72243FA4C100BCF721 /* Resources */,
			);
			buildRules = (
			);
			dependencies = (
				2910EB76243FA4C100BCF721 /* PBXTargetDependency */,
			);
			name = StatsTrackerTests;
			productName = StatsTrackerTests;
			productReference = 2910EB74243FA4C100BCF721 /* StatsTrackerTests.xctest */;
			productType = "com.apple.product-type.bundle.unit-test";
		};
/* End PBXNativeTarget section */

/* Begin PBXProject section */
		2910EB56243FA4C100BCF721 /* Project object */ = {
			isa = PBXProject;
			attributes = {
				LastSwiftUpdateCheck = 1140;
				LastUpgradeCheck = 1140;
				ORGANIZATIONNAME = "Rachel Anderson";
				TargetAttributes = {
					2910EB5D243FA4C100BCF721 = {
						CreatedOnToolsVersion = 11.4;
					};
					2910EB73243FA4C100BCF721 = {
						CreatedOnToolsVersion = 11.4;
						TestTargetID = 2910EB5D243FA4C100BCF721;
					};
				};
			};
			buildConfigurationList = 2910EB59243FA4C100BCF721 /* Build configuration list for PBXProject "StatsTracker" */;
			compatibilityVersion = "Xcode 9.3";
			developmentRegion = en;
			hasScannedForEncodings = 0;
			knownRegions = (
				en,
				Base,
			);
			mainGroup = 2910EB55243FA4C100BCF721;
			productRefGroup = 2910EB5F243FA4C100BCF721 /* Products */;
			projectDirPath = "";
			projectRoot = "";
			targets = (
				2910EB5D243FA4C100BCF721 /* StatsTracker */,
				2910EB73243FA4C100BCF721 /* StatsTrackerTests */,
			);
		};
/* End PBXProject section */

/* Begin PBXResourcesBuildPhase section */
		2910EB5C243FA4C100BCF721 /* Resources */ = {
			isa = PBXResourcesBuildPhase;
			buildActionMask = 2147483647;
			files = (
				294A8743244666F6003FC969 /* Root.storyboard in Resources */,
				29AD5206243FE7110094DCDE /* Games.storyboard in Resources */,
				29B8B36E2440FE640068B24D /* GoogleService-Info.plist in Resources */,
				2910EB6E243FA4C100BCF721 /* LaunchScreen.storyboard in Resources */,
				29D0E1432440128B008E14F3 /* Auth.storyboard in Resources */,
				2910EB6B243FA4C100BCF721 /* Assets.xcassets in Resources */,
				2910EB69243FA4C100BCF721 /* Roster.storyboard in Resources */,
				2910EB94243FC03000BCF721 /* Pull.storyboard in Resources */,
				29AD5202243FE38F0094DCDE /* TeamProfile.storyboard in Resources */,
			);
			runOnlyForDeploymentPostprocessing = 0;
		};
		2910EB72243FA4C100BCF721 /* Resources */ = {
			isa = PBXResourcesBuildPhase;
			buildActionMask = 2147483647;
			files = (
			);
			runOnlyForDeploymentPostprocessing = 0;
		};
/* End PBXResourcesBuildPhase section */

/* Begin PBXShellScriptBuildPhase section */
		54819AF6DD83C6B7A0A28D71 /* [CP] Embed Pods Frameworks */ = {
			isa = PBXShellScriptBuildPhase;
			buildActionMask = 2147483647;
			files = (
			);
			inputFileListPaths = (
				"${PODS_ROOT}/Target Support Files/Pods-StatsTracker/Pods-StatsTracker-frameworks-${CONFIGURATION}-input-files.xcfilelist",
			);
			name = "[CP] Embed Pods Frameworks";
			outputFileListPaths = (
				"${PODS_ROOT}/Target Support Files/Pods-StatsTracker/Pods-StatsTracker-frameworks-${CONFIGURATION}-output-files.xcfilelist",
			);
			runOnlyForDeploymentPostprocessing = 0;
			shellPath = /bin/sh;
			shellScript = "\"${PODS_ROOT}/Target Support Files/Pods-StatsTracker/Pods-StatsTracker-frameworks.sh\"\n";
			showEnvVarsInLog = 0;
		};
		A875CDDEB9635BB018E4ED57 /* [CP] Check Pods Manifest.lock */ = {
			isa = PBXShellScriptBuildPhase;
			buildActionMask = 2147483647;
			files = (
			);
			inputFileListPaths = (
			);
			inputPaths = (
				"${PODS_PODFILE_DIR_PATH}/Podfile.lock",
				"${PODS_ROOT}/Manifest.lock",
			);
			name = "[CP] Check Pods Manifest.lock";
			outputFileListPaths = (
			);
			outputPaths = (
				"$(DERIVED_FILE_DIR)/Pods-StatsTrackerTests-checkManifestLockResult.txt",
			);
			runOnlyForDeploymentPostprocessing = 0;
			shellPath = /bin/sh;
			shellScript = "diff \"${PODS_PODFILE_DIR_PATH}/Podfile.lock\" \"${PODS_ROOT}/Manifest.lock\" > /dev/null\nif [ $? != 0 ] ; then\n    # print error to STDERR\n    echo \"error: The sandbox is not in sync with the Podfile.lock. Run 'pod install' or update your CocoaPods installation.\" >&2\n    exit 1\nfi\n# This output is used by Xcode 'outputs' to avoid re-running this script phase.\necho \"SUCCESS\" > \"${SCRIPT_OUTPUT_FILE_0}\"\n";
			showEnvVarsInLog = 0;
		};
		EC4A2CBE197332A7A93BB624 /* [CP] Check Pods Manifest.lock */ = {
			isa = PBXShellScriptBuildPhase;
			buildActionMask = 2147483647;
			files = (
			);
			inputFileListPaths = (
			);
			inputPaths = (
				"${PODS_PODFILE_DIR_PATH}/Podfile.lock",
				"${PODS_ROOT}/Manifest.lock",
			);
			name = "[CP] Check Pods Manifest.lock";
			outputFileListPaths = (
			);
			outputPaths = (
				"$(DERIVED_FILE_DIR)/Pods-StatsTracker-checkManifestLockResult.txt",
			);
			runOnlyForDeploymentPostprocessing = 0;
			shellPath = /bin/sh;
			shellScript = "diff \"${PODS_PODFILE_DIR_PATH}/Podfile.lock\" \"${PODS_ROOT}/Manifest.lock\" > /dev/null\nif [ $? != 0 ] ; then\n    # print error to STDERR\n    echo \"error: The sandbox is not in sync with the Podfile.lock. Run 'pod install' or update your CocoaPods installation.\" >&2\n    exit 1\nfi\n# This output is used by Xcode 'outputs' to avoid re-running this script phase.\necho \"SUCCESS\" > \"${SCRIPT_OUTPUT_FILE_0}\"\n";
			showEnvVarsInLog = 0;
		};
/* End PBXShellScriptBuildPhase section */

/* Begin PBXSourcesBuildPhase section */
		2910EB5A243FA4C100BCF721 /* Sources */ = {
			isa = PBXSourcesBuildPhase;
			buildActionMask = 2147483647;
			files = (
				29431EB2244776BB00B1302A /* EditProfileViewController.swift in Sources */,
				2910EB96243FC05F00BCF721 /* PullViewController.swift in Sources */,
				29AD5200243FE35E0094DCDE /* TeamProfileCoordinator.swift in Sources */,
				29B8B36C2440E1690068B24D /* LoginViewController.swift in Sources */,
				294A874524466889003FC969 /* RootCoordinator.swift in Sources */,
				29CCF52524414921003F201A /* Constants.swift in Sources */,
				29CCF52324414233003F201A /* SettingsTableViewCell.swift in Sources */,
				29AD520A243FE7600094DCDE /* GamesViewController.swift in Sources */,
				294A874A2446ABFF003FC969 /* FirebaseKeys.swift in Sources */,
				293946A02443FD530021D07B /* SettingsViewController.swift in Sources */,
				2910EB90243FB1D600BCF721 /* MainTabBarController.swift in Sources */,
				29B8B36A2440E13E0068B24D /* SignUpViewController.swift in Sources */,
				29AD5204243FE3C50094DCDE /* TeamProfileViewController.swift in Sources */,
				2910EB84243FA53000BCF721 /* Coordinator.swift in Sources */,
				2910EB66243FA4C100BCF721 /* RosterViewController.swift in Sources */,
				2939469C2443E64F0021D07B /* FirebaseAuthManager.swift in Sources */,
				2910EB92243FBFC400BCF721 /* PullCoordinator.swift in Sources */,
				294A87472446A17D003FC969 /* FirestoreReferenceManager.swift in Sources */,
				294A874024466517003FC969 /* RootViewController.swift in Sources */,
				2910EB86243FA53D00BCF721 /* Storyboarded.swift in Sources */,
				29AD5208243FE71D0094DCDE /* GamesCoordinator.swift in Sources */,
				2910EB62243FA4C100BCF721 /* AppDelegate.swift in Sources */,
				29D0E1452440129A008E14F3 /* HomeViewController.swift in Sources */,
				2910EB88243FA56A00BCF721 /* RosterCoordinator.swift in Sources */,
				29D0E14124401238008E14F3 /* AuthCoordinator.swift in Sources */,
				2910EB64243FA4C100BCF721 /* SceneDelegate.swift in Sources */,
			);
			runOnlyForDeploymentPostprocessing = 0;
		};
		2910EB70243FA4C100BCF721 /* Sources */ = {
			isa = PBXSourcesBuildPhase;
			buildActionMask = 2147483647;
			files = (
				2910EB79243FA4C100BCF721 /* StatsTrackerTests.swift in Sources */,
			);
			runOnlyForDeploymentPostprocessing = 0;
		};
/* End PBXSourcesBuildPhase section */

/* Begin PBXTargetDependency section */
		2910EB76243FA4C100BCF721 /* PBXTargetDependency */ = {
			isa = PBXTargetDependency;
			target = 2910EB5D243FA4C100BCF721 /* StatsTracker */;
			targetProxy = 2910EB75243FA4C100BCF721 /* PBXContainerItemProxy */;
		};
/* End PBXTargetDependency section */

/* Begin PBXVariantGroup section */
		2910EB67243FA4C100BCF721 /* Roster.storyboard */ = {
			isa = PBXVariantGroup;
			children = (
				2910EB68243FA4C100BCF721 /* Base */,
			);
			name = Roster.storyboard;
			sourceTree = "<group>";
		};
		2910EB6C243FA4C100BCF721 /* LaunchScreen.storyboard */ = {
			isa = PBXVariantGroup;
			children = (
				2910EB6D243FA4C100BCF721 /* Base */,
			);
			name = LaunchScreen.storyboard;
			sourceTree = "<group>";
		};
/* End PBXVariantGroup section */

/* Begin XCBuildConfiguration section */
		2910EB7B243FA4C100BCF721 /* Debug */ = {
			isa = XCBuildConfiguration;
			buildSettings = {
				ALWAYS_SEARCH_USER_PATHS = NO;
				CLANG_ANALYZER_NONNULL = YES;
				CLANG_ANALYZER_NUMBER_OBJECT_CONVERSION = YES_AGGRESSIVE;
				CLANG_CXX_LANGUAGE_STANDARD = "gnu++14";
				CLANG_CXX_LIBRARY = "libc++";
				CLANG_ENABLE_MODULES = YES;
				CLANG_ENABLE_OBJC_ARC = YES;
				CLANG_ENABLE_OBJC_WEAK = YES;
				CLANG_WARN_BLOCK_CAPTURE_AUTORELEASING = YES;
				CLANG_WARN_BOOL_CONVERSION = YES;
				CLANG_WARN_COMMA = YES;
				CLANG_WARN_CONSTANT_CONVERSION = YES;
				CLANG_WARN_DEPRECATED_OBJC_IMPLEMENTATIONS = YES;
				CLANG_WARN_DIRECT_OBJC_ISA_USAGE = YES_ERROR;
				CLANG_WARN_DOCUMENTATION_COMMENTS = YES;
				CLANG_WARN_EMPTY_BODY = YES;
				CLANG_WARN_ENUM_CONVERSION = YES;
				CLANG_WARN_INFINITE_RECURSION = YES;
				CLANG_WARN_INT_CONVERSION = YES;
				CLANG_WARN_NON_LITERAL_NULL_CONVERSION = YES;
				CLANG_WARN_OBJC_IMPLICIT_RETAIN_SELF = YES;
				CLANG_WARN_OBJC_LITERAL_CONVERSION = YES;
				CLANG_WARN_OBJC_ROOT_CLASS = YES_ERROR;
				CLANG_WARN_RANGE_LOOP_ANALYSIS = YES;
				CLANG_WARN_STRICT_PROTOTYPES = YES;
				CLANG_WARN_SUSPICIOUS_MOVE = YES;
				CLANG_WARN_UNGUARDED_AVAILABILITY = YES_AGGRESSIVE;
				CLANG_WARN_UNREACHABLE_CODE = YES;
				CLANG_WARN__DUPLICATE_METHOD_MATCH = YES;
				COPY_PHASE_STRIP = NO;
				DEBUG_INFORMATION_FORMAT = dwarf;
				ENABLE_STRICT_OBJC_MSGSEND = YES;
				ENABLE_TESTABILITY = YES;
				GCC_C_LANGUAGE_STANDARD = gnu11;
				GCC_DYNAMIC_NO_PIC = NO;
				GCC_NO_COMMON_BLOCKS = YES;
				GCC_OPTIMIZATION_LEVEL = 0;
				GCC_PREPROCESSOR_DEFINITIONS = (
					"DEBUG=1",
					"$(inherited)",
				);
				GCC_WARN_64_TO_32_BIT_CONVERSION = YES;
				GCC_WARN_ABOUT_RETURN_TYPE = YES_ERROR;
				GCC_WARN_UNDECLARED_SELECTOR = YES;
				GCC_WARN_UNINITIALIZED_AUTOS = YES_AGGRESSIVE;
				GCC_WARN_UNUSED_FUNCTION = YES;
				GCC_WARN_UNUSED_VARIABLE = YES;
				IPHONEOS_DEPLOYMENT_TARGET = 13.4;
				MTL_ENABLE_DEBUG_INFO = INCLUDE_SOURCE;
				MTL_FAST_MATH = YES;
				ONLY_ACTIVE_ARCH = YES;
				SDKROOT = iphoneos;
				SWIFT_ACTIVE_COMPILATION_CONDITIONS = DEBUG;
				SWIFT_OPTIMIZATION_LEVEL = "-Onone";
			};
			name = Debug;
		};
		2910EB7C243FA4C100BCF721 /* Release */ = {
			isa = XCBuildConfiguration;
			buildSettings = {
				ALWAYS_SEARCH_USER_PATHS = NO;
				CLANG_ANALYZER_NONNULL = YES;
				CLANG_ANALYZER_NUMBER_OBJECT_CONVERSION = YES_AGGRESSIVE;
				CLANG_CXX_LANGUAGE_STANDARD = "gnu++14";
				CLANG_CXX_LIBRARY = "libc++";
				CLANG_ENABLE_MODULES = YES;
				CLANG_ENABLE_OBJC_ARC = YES;
				CLANG_ENABLE_OBJC_WEAK = YES;
				CLANG_WARN_BLOCK_CAPTURE_AUTORELEASING = YES;
				CLANG_WARN_BOOL_CONVERSION = YES;
				CLANG_WARN_COMMA = YES;
				CLANG_WARN_CONSTANT_CONVERSION = YES;
				CLANG_WARN_DEPRECATED_OBJC_IMPLEMENTATIONS = YES;
				CLANG_WARN_DIRECT_OBJC_ISA_USAGE = YES_ERROR;
				CLANG_WARN_DOCUMENTATION_COMMENTS = YES;
				CLANG_WARN_EMPTY_BODY = YES;
				CLANG_WARN_ENUM_CONVERSION = YES;
				CLANG_WARN_INFINITE_RECURSION = YES;
				CLANG_WARN_INT_CONVERSION = YES;
				CLANG_WARN_NON_LITERAL_NULL_CONVERSION = YES;
				CLANG_WARN_OBJC_IMPLICIT_RETAIN_SELF = YES;
				CLANG_WARN_OBJC_LITERAL_CONVERSION = YES;
				CLANG_WARN_OBJC_ROOT_CLASS = YES_ERROR;
				CLANG_WARN_RANGE_LOOP_ANALYSIS = YES;
				CLANG_WARN_STRICT_PROTOTYPES = YES;
				CLANG_WARN_SUSPICIOUS_MOVE = YES;
				CLANG_WARN_UNGUARDED_AVAILABILITY = YES_AGGRESSIVE;
				CLANG_WARN_UNREACHABLE_CODE = YES;
				CLANG_WARN__DUPLICATE_METHOD_MATCH = YES;
				COPY_PHASE_STRIP = NO;
				DEBUG_INFORMATION_FORMAT = "dwarf-with-dsym";
				ENABLE_NS_ASSERTIONS = NO;
				ENABLE_STRICT_OBJC_MSGSEND = YES;
				GCC_C_LANGUAGE_STANDARD = gnu11;
				GCC_NO_COMMON_BLOCKS = YES;
				GCC_WARN_64_TO_32_BIT_CONVERSION = YES;
				GCC_WARN_ABOUT_RETURN_TYPE = YES_ERROR;
				GCC_WARN_UNDECLARED_SELECTOR = YES;
				GCC_WARN_UNINITIALIZED_AUTOS = YES_AGGRESSIVE;
				GCC_WARN_UNUSED_FUNCTION = YES;
				GCC_WARN_UNUSED_VARIABLE = YES;
				IPHONEOS_DEPLOYMENT_TARGET = 13.4;
				MTL_ENABLE_DEBUG_INFO = NO;
				MTL_FAST_MATH = YES;
				SDKROOT = iphoneos;
				SWIFT_COMPILATION_MODE = wholemodule;
				SWIFT_OPTIMIZATION_LEVEL = "-O";
				VALIDATE_PRODUCT = YES;
			};
			name = Release;
		};
		2910EB7E243FA4C100BCF721 /* Debug */ = {
			isa = XCBuildConfiguration;
			baseConfigurationReference = 7D0D2CF08AD586DE27CE5129 /* Pods-StatsTracker.debug.xcconfig */;
			buildSettings = {
				ASSETCATALOG_COMPILER_APPICON_NAME = AppIcon;
				CODE_SIGN_STYLE = Automatic;
				INFOPLIST_FILE = StatsTracker/Info.plist;
				LD_RUNPATH_SEARCH_PATHS = (
					"$(inherited)",
					"@executable_path/Frameworks",
				);
				PRODUCT_BUNDLE_IDENTIFIER = com.Rachel.StatsTracker;
				PRODUCT_NAME = "$(TARGET_NAME)";
				SWIFT_VERSION = 5.0;
				TARGETED_DEVICE_FAMILY = "1,2";
			};
			name = Debug;
		};
		2910EB7F243FA4C100BCF721 /* Release */ = {
			isa = XCBuildConfiguration;
			baseConfigurationReference = 2A94E478690B9B709EAC8527 /* Pods-StatsTracker.release.xcconfig */;
			buildSettings = {
				ASSETCATALOG_COMPILER_APPICON_NAME = AppIcon;
				CODE_SIGN_STYLE = Automatic;
				INFOPLIST_FILE = StatsTracker/Info.plist;
				LD_RUNPATH_SEARCH_PATHS = (
					"$(inherited)",
					"@executable_path/Frameworks",
				);
				PRODUCT_BUNDLE_IDENTIFIER = com.Rachel.StatsTracker;
				PRODUCT_NAME = "$(TARGET_NAME)";
				SWIFT_VERSION = 5.0;
				TARGETED_DEVICE_FAMILY = "1,2";
			};
			name = Release;
		};
		2910EB81243FA4C100BCF721 /* Debug */ = {
			isa = XCBuildConfiguration;
			baseConfigurationReference = E707A5421FADCA7473E4E2D2 /* Pods-StatsTrackerTests.debug.xcconfig */;
			buildSettings = {
				ALWAYS_EMBED_SWIFT_STANDARD_LIBRARIES = YES;
				BUNDLE_LOADER = "$(TEST_HOST)";
				CODE_SIGN_STYLE = Automatic;
				INFOPLIST_FILE = StatsTrackerTests/Info.plist;
				IPHONEOS_DEPLOYMENT_TARGET = 13.4;
				LD_RUNPATH_SEARCH_PATHS = (
					"$(inherited)",
					"@executable_path/Frameworks",
					"@loader_path/Frameworks",
				);
				PRODUCT_BUNDLE_IDENTIFIER = com.Rachel.StatsTrackerTests;
				PRODUCT_NAME = "$(TARGET_NAME)";
				SWIFT_VERSION = 5.0;
				TARGETED_DEVICE_FAMILY = "1,2";
				TEST_HOST = "$(BUILT_PRODUCTS_DIR)/StatsTracker.app/StatsTracker";
			};
			name = Debug;
		};
		2910EB82243FA4C100BCF721 /* Release */ = {
			isa = XCBuildConfiguration;
			baseConfigurationReference = B96C0337CE51DEC03AA4D93F /* Pods-StatsTrackerTests.release.xcconfig */;
			buildSettings = {
				ALWAYS_EMBED_SWIFT_STANDARD_LIBRARIES = YES;
				BUNDLE_LOADER = "$(TEST_HOST)";
				CODE_SIGN_STYLE = Automatic;
				INFOPLIST_FILE = StatsTrackerTests/Info.plist;
				IPHONEOS_DEPLOYMENT_TARGET = 13.4;
				LD_RUNPATH_SEARCH_PATHS = (
					"$(inherited)",
					"@executable_path/Frameworks",
					"@loader_path/Frameworks",
				);
				PRODUCT_BUNDLE_IDENTIFIER = com.Rachel.StatsTrackerTests;
				PRODUCT_NAME = "$(TARGET_NAME)";
				SWIFT_VERSION = 5.0;
				TARGETED_DEVICE_FAMILY = "1,2";
				TEST_HOST = "$(BUILT_PRODUCTS_DIR)/StatsTracker.app/StatsTracker";
			};
			name = Release;
		};
/* End XCBuildConfiguration section */

/* Begin XCConfigurationList section */
		2910EB59243FA4C100BCF721 /* Build configuration list for PBXProject "StatsTracker" */ = {
			isa = XCConfigurationList;
			buildConfigurations = (
				2910EB7B243FA4C100BCF721 /* Debug */,
				2910EB7C243FA4C100BCF721 /* Release */,
			);
			defaultConfigurationIsVisible = 0;
			defaultConfigurationName = Release;
		};
		2910EB7D243FA4C100BCF721 /* Build configuration list for PBXNativeTarget "StatsTracker" */ = {
			isa = XCConfigurationList;
			buildConfigurations = (
				2910EB7E243FA4C100BCF721 /* Debug */,
				2910EB7F243FA4C100BCF721 /* Release */,
			);
			defaultConfigurationIsVisible = 0;
			defaultConfigurationName = Release;
		};
		2910EB80243FA4C100BCF721 /* Build configuration list for PBXNativeTarget "StatsTrackerTests" */ = {
			isa = XCConfigurationList;
			buildConfigurations = (
				2910EB81243FA4C100BCF721 /* Debug */,
				2910EB82243FA4C100BCF721 /* Release */,
			);
			defaultConfigurationIsVisible = 0;
			defaultConfigurationName = Release;
		};
/* End XCConfigurationList section */
	};
	rootObject = 2910EB56243FA4C100BCF721 /* Project object */;
}
