// !$*UTF8*$!
{
	archiveVersion = 1;
	classes = {
	};
	objectVersion = 51;
	objects = {

/* Begin PBXBuildFile section */
		2901C04F24608E3B00635299 /* RosterTableViewCell.swift in Sources */ = {isa = PBXBuildFile; fileRef = 2901C04E24608E3B00635299 /* RosterTableViewCell.swift */; };
		290309B724906F7C004C7E3C /* PointModelConstants.swift in Sources */ = {isa = PBXBuildFile; fileRef = 290309B624906F7C004C7E3C /* PointModelConstants.swift */; };
		2905319F2461EB2100478FF9 /* RosterPresenter.swift in Sources */ = {isa = PBXBuildFile; fileRef = 2905319E2461EB2100478FF9 /* RosterPresenter.swift */; };
		290531A12461F50800478FF9 /* NewPlayerViewController.swift in Sources */ = {isa = PBXBuildFile; fileRef = 290531A02461F50800478FF9 /* NewPlayerViewController.swift */; };
		290531A32461F56500478FF9 /* NewPlayerPresenter.swift in Sources */ = {isa = PBXBuildFile; fileRef = 290531A22461F56500478FF9 /* NewPlayerPresenter.swift */; };
		29053585245A098300A72DCF /* EditProfilePresenterTests.swift in Sources */ = {isa = PBXBuildFile; fileRef = 29053584245A098300A72DCF /* EditProfilePresenterTests.swift */; };
		29053587245A0B0B00A72DCF /* TestConstants.swift in Sources */ = {isa = PBXBuildFile; fileRef = 29053586245A0B0B00A72DCF /* TestConstants.swift */; };
		290973A52490845E00844F29 /* GamesTableViewCell.swift in Sources */ = {isa = PBXBuildFile; fileRef = 290973A42490845E00844F29 /* GamesTableViewCell.swift */; };
		290973A72490885D00844F29 /* GameViewModel.swift in Sources */ = {isa = PBXBuildFile; fileRef = 290973A62490885D00844F29 /* GameViewModel.swift */; };
		290973A92490898000844F29 /* GameDetailViewController.swift in Sources */ = {isa = PBXBuildFile; fileRef = 290973A82490898000844F29 /* GameDetailViewController.swift */; };
		290973AB249089F200844F29 /* GameDetailPresenter.swift in Sources */ = {isa = PBXBuildFile; fileRef = 290973AA249089F200844F29 /* GameDetailPresenter.swift */; };
		2910EB62243FA4C100BCF721 /* AppDelegate.swift in Sources */ = {isa = PBXBuildFile; fileRef = 2910EB61243FA4C100BCF721 /* AppDelegate.swift */; };
		2910EB64243FA4C100BCF721 /* SceneDelegate.swift in Sources */ = {isa = PBXBuildFile; fileRef = 2910EB63243FA4C100BCF721 /* SceneDelegate.swift */; };
		2910EB66243FA4C100BCF721 /* RosterViewController.swift in Sources */ = {isa = PBXBuildFile; fileRef = 2910EB65243FA4C100BCF721 /* RosterViewController.swift */; };
		2910EB69243FA4C100BCF721 /* Roster.storyboard in Resources */ = {isa = PBXBuildFile; fileRef = 2910EB67243FA4C100BCF721 /* Roster.storyboard */; };
		2910EB6B243FA4C100BCF721 /* Assets.xcassets in Resources */ = {isa = PBXBuildFile; fileRef = 2910EB6A243FA4C100BCF721 /* Assets.xcassets */; };
		2910EB6E243FA4C100BCF721 /* LaunchScreen.storyboard in Resources */ = {isa = PBXBuildFile; fileRef = 2910EB6C243FA4C100BCF721 /* LaunchScreen.storyboard */; };
		2910EB79243FA4C100BCF721 /* RootCoordinatorTests.swift in Sources */ = {isa = PBXBuildFile; fileRef = 2910EB78243FA4C100BCF721 /* RootCoordinatorTests.swift */; };
		2910EB84243FA53000BCF721 /* Coordinator.swift in Sources */ = {isa = PBXBuildFile; fileRef = 2910EB83243FA53000BCF721 /* Coordinator.swift */; };
		2910EB86243FA53D00BCF721 /* Storyboarded.swift in Sources */ = {isa = PBXBuildFile; fileRef = 2910EB85243FA53D00BCF721 /* Storyboarded.swift */; };
		2910EB88243FA56A00BCF721 /* RosterCoordinator.swift in Sources */ = {isa = PBXBuildFile; fileRef = 2910EB87243FA56A00BCF721 /* RosterCoordinator.swift */; };
		2910EB90243FB1D600BCF721 /* MainTabBarController.swift in Sources */ = {isa = PBXBuildFile; fileRef = 2910EB8F243FB1D600BCF721 /* MainTabBarController.swift */; };
		2910EB92243FBFC400BCF721 /* PullCoordinator.swift in Sources */ = {isa = PBXBuildFile; fileRef = 2910EB91243FBFC400BCF721 /* PullCoordinator.swift */; };
		2910EB94243FC03000BCF721 /* Pull.storyboard in Resources */ = {isa = PBXBuildFile; fileRef = 2910EB93243FC03000BCF721 /* Pull.storyboard */; };
		2910EB96243FC05F00BCF721 /* PullViewController.swift in Sources */ = {isa = PBXBuildFile; fileRef = 2910EB95243FC05F00BCF721 /* PullViewController.swift */; };
		291184782450BF8D007C534F /* TeamProfilePresenter.swift in Sources */ = {isa = PBXBuildFile; fileRef = 291184772450BF8D007C534F /* TeamProfilePresenter.swift */; };
		2911847A2450CA16007C534F /* SettingsPresenter.swift in Sources */ = {isa = PBXBuildFile; fileRef = 291184792450CA16007C534F /* SettingsPresenter.swift */; };
		2911847C2450CD60007C534F /* EditProfilePresenter.swift in Sources */ = {isa = PBXBuildFile; fileRef = 2911847B2450CD60007C534F /* EditProfilePresenter.swift */; };
		2915A0412491D3BA0072A414 /* GameDetailPresenterTests.swift in Sources */ = {isa = PBXBuildFile; fileRef = 2915A0402491D3BA0072A414 /* GameDetailPresenterTests.swift */; };
		2915A0432491D51A0072A414 /* GameDetailViewControllerTests.swift in Sources */ = {isa = PBXBuildFile; fileRef = 2915A0422491D51A0072A414 /* GameDetailViewControllerTests.swift */; };
		29210DF124687F2800CDBFF9 /* PlayerModelConstants.swift in Sources */ = {isa = PBXBuildFile; fileRef = 29210DF024687F2800CDBFF9 /* PlayerModelConstants.swift */; };
		292D7B8024637DD700910A7C /* PlayerModel.swift in Sources */ = {isa = PBXBuildFile; fileRef = 292D7B7F24637DD700910A7C /* PlayerModel.swift */; };
		2930B93B2471E3B5007A994E /* PlayGameViewController.swift in Sources */ = {isa = PBXBuildFile; fileRef = 2930B93A2471E3B5007A994E /* PlayGameViewController.swift */; };
		2930B93D2471E3F5007A994E /* PlayGamePresenter.swift in Sources */ = {isa = PBXBuildFile; fileRef = 2930B93C2471E3F5007A994E /* PlayGamePresenter.swift */; };
		2930B93F2471E829007A994E /* PlayGamePresenterTests.swift in Sources */ = {isa = PBXBuildFile; fileRef = 2930B93E2471E829007A994E /* PlayGamePresenterTests.swift */; };
		2930B9412471E8D0007A994E /* PlayGameViewControllerTests.swift in Sources */ = {isa = PBXBuildFile; fileRef = 2930B9402471E8D0007A994E /* PlayGameViewControllerTests.swift */; };
		2930B9432471F6AF007A994E /* RolesTableViewCell.swift in Sources */ = {isa = PBXBuildFile; fileRef = 2930B9422471F6AF007A994E /* RolesTableViewCell.swift */; };
		2939469C2443E64F0021D07B /* FirebaseAuthManager.swift in Sources */ = {isa = PBXBuildFile; fileRef = 2939469B2443E64F0021D07B /* FirebaseAuthManager.swift */; };
		293946A02443FD530021D07B /* SettingsViewController.swift in Sources */ = {isa = PBXBuildFile; fileRef = 2939469F2443FD530021D07B /* SettingsViewController.swift */; };
		2939618C247EF43E0089A485 /* PlayerCollectionViewCell.swift in Sources */ = {isa = PBXBuildFile; fileRef = 2939618B247EF43E0089A485 /* PlayerCollectionViewCell.swift */; };
		2939618E247F0A3A0089A485 /* PlayersCollectionHeaderView.swift in Sources */ = {isa = PBXBuildFile; fileRef = 2939618D247F0A3A0089A485 /* PlayersCollectionHeaderView.swift */; };
		294296872474B981009B0C9C /* RolesCellViewModelTests.swift in Sources */ = {isa = PBXBuildFile; fileRef = 294296862474B981009B0C9C /* RolesCellViewModelTests.swift */; };
		294296892474C1A5009B0C9C /* TableViewSpy.swift in Sources */ = {isa = PBXBuildFile; fileRef = 294296882474C1A5009B0C9C /* TableViewSpy.swift */; };
		29431EB2244776BB00B1302A /* EditProfileViewController.swift in Sources */ = {isa = PBXBuildFile; fileRef = 29431EB1244776BB00B1302A /* EditProfileViewController.swift */; };
		294455592459F1A60085B7EE /* LoginPresenterTests.swift in Sources */ = {isa = PBXBuildFile; fileRef = 294455582459F1A60085B7EE /* LoginPresenterTests.swift */; };
		29458D072447AA9900EC03AB /* UserDataModel.swift in Sources */ = {isa = PBXBuildFile; fileRef = 29458D062447AA9900EC03AB /* UserDataModel.swift */; };
		294A874024466517003FC969 /* RootViewController.swift in Sources */ = {isa = PBXBuildFile; fileRef = 294A873F24466517003FC969 /* RootViewController.swift */; };
		294A8743244666F6003FC969 /* Root.storyboard in Resources */ = {isa = PBXBuildFile; fileRef = 294A8742244666F6003FC969 /* Root.storyboard */; };
		294A874524466889003FC969 /* RootCoordinator.swift in Sources */ = {isa = PBXBuildFile; fileRef = 294A874424466889003FC969 /* RootCoordinator.swift */; };
		294A874A2446ABFF003FC969 /* FirebaseKeys.swift in Sources */ = {isa = PBXBuildFile; fileRef = 294A87492446ABFF003FC969 /* FirebaseKeys.swift */; };
		294AAF28245E481C006B723E /* Errors.swift in Sources */ = {isa = PBXBuildFile; fileRef = 294AAF27245E481C006B723E /* Errors.swift */; };
		295108F3246C66DD0083F7EC /* HomeViewControllerTests.swift in Sources */ = {isa = PBXBuildFile; fileRef = 295108F2246C66DD0083F7EC /* HomeViewControllerTests.swift */; };
		295108F5246C687D0083F7EC /* SignUpViewControllerTests.swift in Sources */ = {isa = PBXBuildFile; fileRef = 295108F4246C687D0083F7EC /* SignUpViewControllerTests.swift */; };
		295108F7246C6BFC0083F7EC /* LoginViewControllerTests.swift in Sources */ = {isa = PBXBuildFile; fileRef = 295108F6246C6BFC0083F7EC /* LoginViewControllerTests.swift */; };
		295108F9246C6CCD0083F7EC /* MainTabBarControllerTests.swift in Sources */ = {isa = PBXBuildFile; fileRef = 295108F8246C6CCD0083F7EC /* MainTabBarControllerTests.swift */; };
		295108FE246C6F510083F7EC /* TeamProfileViewControllerTests.swift in Sources */ = {isa = PBXBuildFile; fileRef = 295108FD246C6F510083F7EC /* TeamProfileViewControllerTests.swift */; };
		29510902246C73CC0083F7EC /* SettingsViewControllerTests.swift in Sources */ = {isa = PBXBuildFile; fileRef = 29510901246C73CC0083F7EC /* SettingsViewControllerTests.swift */; };
		29510904246C78010083F7EC /* EditProfileViewControllerTests.swift in Sources */ = {isa = PBXBuildFile; fileRef = 29510903246C78010083F7EC /* EditProfileViewControllerTests.swift */; };
		29547CBE2492B58800EF6FC4 /* RosterCellViewModel.swift in Sources */ = {isa = PBXBuildFile; fileRef = 29547CBD2492B58800EF6FC4 /* RosterCellViewModel.swift */; };
		29547CC02492CC3A00EF6FC4 /* RosterCellViewModelTests.swift in Sources */ = {isa = PBXBuildFile; fileRef = 29547CBF2492CC3A00EF6FC4 /* RosterCellViewModelTests.swift */; };
		29592CE02489C42600032763 /* GameModelConstants.swift in Sources */ = {isa = PBXBuildFile; fileRef = 29592CDF2489C42600032763 /* GameModelConstants.swift */; };
		29592CE22489C9C600032763 /* ScoreModelConstants.swift in Sources */ = {isa = PBXBuildFile; fileRef = 29592CE12489C9C600032763 /* ScoreModelConstants.swift */; };
		295D80B6245128BB00CD8CBF /* SignUpPresenter.swift in Sources */ = {isa = PBXBuildFile; fileRef = 295D80B5245128BB00CD8CBF /* SignUpPresenter.swift */; };
		295D80B8245128C600CD8CBF /* LoginPresenter.swift in Sources */ = {isa = PBXBuildFile; fileRef = 295D80B7245128C600CD8CBF /* LoginPresenter.swift */; };
		2966446A2452412C0013D902 /* Presenter.swift in Sources */ = {isa = PBXBuildFile; fileRef = 296644692452412C0013D902 /* Presenter.swift */; };
		2969BC59244A2C4400E95EBA /* MainTabBarCoordinator.swift in Sources */ = {isa = PBXBuildFile; fileRef = 2969BC58244A2C4400E95EBA /* MainTabBarCoordinator.swift */; };
		2973A8D6245B5159002CD459 /* AuthError.swift in Sources */ = {isa = PBXBuildFile; fileRef = 2973A8D5245B5159002CD459 /* AuthError.swift */; };
		2973A8D8245B518E002CD459 /* DBError.swift in Sources */ = {isa = PBXBuildFile; fileRef = 2973A8D7245B518E002CD459 /* DBError.swift */; };
		2973A8DB245B5209002CD459 /* UserDataModelConstants.swift in Sources */ = {isa = PBXBuildFile; fileRef = 2973A8DA245B5209002CD459 /* UserDataModelConstants.swift */; };
		297B4E0B244B6FB4001233B9 /* AuthenticationManager.swift in Sources */ = {isa = PBXBuildFile; fileRef = 297B4E0A244B6FB4001233B9 /* AuthenticationManager.swift */; };
		298566292459F26200E0F77A /* TeamProfilePresenterTests.swift in Sources */ = {isa = PBXBuildFile; fileRef = 298566282459F26200E0F77A /* TeamProfilePresenterTests.swift */; };
		2985662B2459F70E00E0F77A /* SettingsPresenterTests.swift in Sources */ = {isa = PBXBuildFile; fileRef = 2985662A2459F70E00E0F77A /* SettingsPresenterTests.swift */; };
		2989B7C9244906A90072FB34 /* TeamProfileViewModel.swift in Sources */ = {isa = PBXBuildFile; fileRef = 2989B7C8244906A90072FB34 /* TeamProfileViewModel.swift */; };
		2990A4A82468FD1E00F5F745 /* RosterPresenterTests.swift in Sources */ = {isa = PBXBuildFile; fileRef = 2990A4A72468FD1E00F5F745 /* RosterPresenterTests.swift */; };
		29970730245BB5880017F219 /* MockDBManager.swift in Sources */ = {isa = PBXBuildFile; fileRef = 2997072F245BB5880017F219 /* MockDBManager.swift */; };
		299D32DD245910B4009A7E37 /* MainTabBarCoordinatorTests.swift in Sources */ = {isa = PBXBuildFile; fileRef = 299D32DC245910B4009A7E37 /* MainTabBarCoordinatorTests.swift */; };
		299D32DF2459122B009A7E37 /* TeamProfileCoordinatorTests.swift in Sources */ = {isa = PBXBuildFile; fileRef = 299D32DE2459122B009A7E37 /* TeamProfileCoordinatorTests.swift */; };
		299D32E12459163C009A7E37 /* RosterCoordinatorTests.swift in Sources */ = {isa = PBXBuildFile; fileRef = 299D32E02459163C009A7E37 /* RosterCoordinatorTests.swift */; };
		299D32E3245916B6009A7E37 /* PullCoordinatorTests.swift in Sources */ = {isa = PBXBuildFile; fileRef = 299D32E2245916B6009A7E37 /* PullCoordinatorTests.swift */; };
		299D32E5245916E7009A7E37 /* GamesCoordinatorTests.swift in Sources */ = {isa = PBXBuildFile; fileRef = 299D32E4245916E7009A7E37 /* GamesCoordinatorTests.swift */; };
		299D32E824591782009A7E37 /* SignUpPresenterTests.swift in Sources */ = {isa = PBXBuildFile; fileRef = 299D32E724591782009A7E37 /* SignUpPresenterTests.swift */; };
		29A12616246DD59600581D30 /* PullViewControllerTests.swift in Sources */ = {isa = PBXBuildFile; fileRef = 29A12615246DD59600581D30 /* PullViewControllerTests.swift */; };
		29A1261A246DD6C600581D30 /* PullPresenter.swift in Sources */ = {isa = PBXBuildFile; fileRef = 29A12619246DD6C600581D30 /* PullPresenter.swift */; };
		29A1261C246DDA2D00581D30 /* GamesViewControllerTests.swift in Sources */ = {isa = PBXBuildFile; fileRef = 29A1261B246DDA2D00581D30 /* GamesViewControllerTests.swift */; };
		29A12620246DDAAA00581D30 /* GamesPresenter.swift in Sources */ = {isa = PBXBuildFile; fileRef = 29A1261F246DDAAA00581D30 /* GamesPresenter.swift */; };
		29A12624246DDBB900581D30 /* PullPresenterTests.swift in Sources */ = {isa = PBXBuildFile; fileRef = 29A12623246DDBB900581D30 /* PullPresenterTests.swift */; };
		29A12626246DDC9700581D30 /* GamesPresenterTests.swift in Sources */ = {isa = PBXBuildFile; fileRef = 29A12625246DDC9700581D30 /* GamesPresenterTests.swift */; };
		29A279BE2462162E00C91FDF /* PlayerViewModel.swift in Sources */ = {isa = PBXBuildFile; fileRef = 29A279BD2462162E00C91FDF /* PlayerViewModel.swift */; };
		29A279C22462644F00C91FDF /* PlayerDetailViewController.swift in Sources */ = {isa = PBXBuildFile; fileRef = 29A279C12462644F00C91FDF /* PlayerDetailViewController.swift */; };
		29A279C42462648400C91FDF /* PlayerDetailPresenter.swift in Sources */ = {isa = PBXBuildFile; fileRef = 29A279C32462648400C91FDF /* PlayerDetailPresenter.swift */; };
		29AD5200243FE35E0094DCDE /* TeamProfileCoordinator.swift in Sources */ = {isa = PBXBuildFile; fileRef = 29AD51FF243FE35E0094DCDE /* TeamProfileCoordinator.swift */; };
		29AD5202243FE38F0094DCDE /* TeamProfile.storyboard in Resources */ = {isa = PBXBuildFile; fileRef = 29AD5201243FE38F0094DCDE /* TeamProfile.storyboard */; };
		29AD5204243FE3C50094DCDE /* TeamProfileViewController.swift in Sources */ = {isa = PBXBuildFile; fileRef = 29AD5203243FE3C50094DCDE /* TeamProfileViewController.swift */; };
		29AD5206243FE7110094DCDE /* Games.storyboard in Resources */ = {isa = PBXBuildFile; fileRef = 29AD5205243FE7110094DCDE /* Games.storyboard */; };
		29AD5208243FE71D0094DCDE /* GamesCoordinator.swift in Sources */ = {isa = PBXBuildFile; fileRef = 29AD5207243FE71D0094DCDE /* GamesCoordinator.swift */; };
		29AD520A243FE7600094DCDE /* GamesViewController.swift in Sources */ = {isa = PBXBuildFile; fileRef = 29AD5209243FE7600094DCDE /* GamesViewController.swift */; };
		29AE86DD24958F0C00C02D29 /* GamesCellViewModel.swift in Sources */ = {isa = PBXBuildFile; fileRef = 29AE86DC24958F0C00C02D29 /* GamesCellViewModel.swift */; };
		29AE86DF2495901F00C02D29 /* GamesCellViewModelTests.swift in Sources */ = {isa = PBXBuildFile; fileRef = 29AE86DE2495901F00C02D29 /* GamesCellViewModelTests.swift */; };
		29B8B36A2440E13E0068B24D /* SignUpViewController.swift in Sources */ = {isa = PBXBuildFile; fileRef = 29B8B3692440E13E0068B24D /* SignUpViewController.swift */; };
		29B8B36C2440E1690068B24D /* LoginViewController.swift in Sources */ = {isa = PBXBuildFile; fileRef = 29B8B36B2440E1690068B24D /* LoginViewController.swift */; };
		29B8B36E2440FE640068B24D /* GoogleService-Info.plist in Resources */ = {isa = PBXBuildFile; fileRef = 29B8B36D2440FE640068B24D /* GoogleService-Info.plist */; };
		29C29D20246C918700CDBEBB /* RosterViewControllerTests.swift in Sources */ = {isa = PBXBuildFile; fileRef = 29C29D1F246C918600CDBEBB /* RosterViewControllerTests.swift */; };
		29C29D22246C983E00CDBEBB /* NewPlayerViewControllerTests.swift in Sources */ = {isa = PBXBuildFile; fileRef = 29C29D21246C983E00CDBEBB /* NewPlayerViewControllerTests.swift */; };
		29C29D24246C9C5E00CDBEBB /* PlayerDetailViewControllerTests.swift in Sources */ = {isa = PBXBuildFile; fileRef = 29C29D23246C9C5E00CDBEBB /* PlayerDetailViewControllerTests.swift */; };
		29C61B31245A17B600F00987 /* FirestoreDBManager.swift in Sources */ = {isa = PBXBuildFile; fileRef = 29C61B30245A17B600F00987 /* FirestoreDBManager.swift */; };
		29C61B33245A2ED400F00987 /* DatabaseManager.swift in Sources */ = {isa = PBXBuildFile; fileRef = 29C61B32245A2ED400F00987 /* DatabaseManager.swift */; };
		29CAB5CB24726A28006A1026 /* RolesTableViewCellTests.swift in Sources */ = {isa = PBXBuildFile; fileRef = 29CAB5CA24726A28006A1026 /* RolesTableViewCellTests.swift */; };
		29CCF52324414233003F201A /* SettingsTableViewCell.swift in Sources */ = {isa = PBXBuildFile; fileRef = 29CCF52224414233003F201A /* SettingsTableViewCell.swift */; };
		29CCF52524414921003F201A /* Constants.swift in Sources */ = {isa = PBXBuildFile; fileRef = 29CCF52424414921003F201A /* Constants.swift */; };
		29CEDCCC24730CFB00F7F635 /* Roles.swift in Sources */ = {isa = PBXBuildFile; fileRef = 29CEDCCB24730CFB00F7F635 /* Roles.swift */; };
		29CEDCCE24730D3D00F7F635 /* Gender.swift in Sources */ = {isa = PBXBuildFile; fileRef = 29CEDCCD24730D3D00F7F635 /* Gender.swift */; };
		29CEDCD024730FD600F7F635 /* GameDataModel.swift in Sources */ = {isa = PBXBuildFile; fileRef = 29CEDCCF24730FD600F7F635 /* GameDataModel.swift */; };
		29CEDCD224730FF900F7F635 /* PointDataModel.swift in Sources */ = {isa = PBXBuildFile; fileRef = 29CEDCD124730FF900F7F635 /* PointDataModel.swift */; };
		29CEDCD42473109500F7F635 /* DocumentSerializable.swift in Sources */ = {isa = PBXBuildFile; fileRef = 29CEDCD32473109500F7F635 /* DocumentSerializable.swift */; };
		29CEDCD6247310FB00F7F635 /* ScoreModel.swift in Sources */ = {isa = PBXBuildFile; fileRef = 29CEDCD5247310FB00F7F635 /* ScoreModel.swift */; };
		29CEDCD82473138900F7F635 /* WindDirection.swift in Sources */ = {isa = PBXBuildFile; fileRef = 29CEDCD72473138900F7F635 /* WindDirection.swift */; };
		29CEDCDA247313A200F7F635 /* PointType.swift in Sources */ = {isa = PBXBuildFile; fileRef = 29CEDCD9247313A200F7F635 /* PointType.swift */; };
		29D0E14124401238008E14F3 /* AuthCoordinator.swift in Sources */ = {isa = PBXBuildFile; fileRef = 29D0E14024401238008E14F3 /* AuthCoordinator.swift */; };
		29D0E1432440128B008E14F3 /* Auth.storyboard in Resources */ = {isa = PBXBuildFile; fileRef = 29D0E1422440128B008E14F3 /* Auth.storyboard */; };
		29D0E1452440129A008E14F3 /* HomeViewController.swift in Sources */ = {isa = PBXBuildFile; fileRef = 29D0E1442440129A008E14F3 /* HomeViewController.swift */; };
		29D2CD50247F3D6E008B1372 /* CollectionViewSpy.swift in Sources */ = {isa = PBXBuildFile; fileRef = 29D2CD4F247F3D6E008B1372 /* CollectionViewSpy.swift */; };
		29D9A74E2469F130002BBAC1 /* NewPlayerPresenterTests.swift in Sources */ = {isa = PBXBuildFile; fileRef = 29D9A74D2469F130002BBAC1 /* NewPlayerPresenterTests.swift */; };
		29D9A7502469F653002BBAC1 /* PlayerDetailPresenterTests.swift in Sources */ = {isa = PBXBuildFile; fileRef = 29D9A74F2469F653002BBAC1 /* PlayerDetailPresenterTests.swift */; };
		29DE1CC2247399B800646030 /* CustomError.swift in Sources */ = {isa = PBXBuildFile; fileRef = 29DE1CC1247399B800646030 /* CustomError.swift */; };
		29E6C69C245902FC00E41586 /* MockNavigationController.swift in Sources */ = {isa = PBXBuildFile; fileRef = 29E6C69B245902FC00E41586 /* MockNavigationController.swift */; };
		29E6C69E2459030800E41586 /* MockAuthManager.swift in Sources */ = {isa = PBXBuildFile; fileRef = 29E6C69D2459030800E41586 /* MockAuthManager.swift */; };
		29E6C6A02459074B00E41586 /* AuthCoordinatorTests.swift in Sources */ = {isa = PBXBuildFile; fileRef = 29E6C69F2459074B00E41586 /* AuthCoordinatorTests.swift */; };
		29E8FCE124723D5E00DA5138 /* RolesCellViewModel.swift in Sources */ = {isa = PBXBuildFile; fileRef = 29E8FCE024723D5E00DA5138 /* RolesCellViewModel.swift */; };
		7A4FDEB6AC2EA17757766A96 /* Pods_StatsTrackerTests.framework in Frameworks */ = {isa = PBXBuildFile; fileRef = 92126AAE536C867113DE7343 /* Pods_StatsTrackerTests.framework */; };
		FFFF87B7DBF2093BA043A989 /* Pods_StatsTracker.framework in Frameworks */ = {isa = PBXBuildFile; fileRef = E8BEBC8F5270F94EDCB9EF9E /* Pods_StatsTracker.framework */; };
/* End PBXBuildFile section */

/* Begin PBXContainerItemProxy section */
		2910EB75243FA4C100BCF721 /* PBXContainerItemProxy */ = {
			isa = PBXContainerItemProxy;
			containerPortal = 2910EB56243FA4C100BCF721 /* Project object */;
			proxyType = 1;
			remoteGlobalIDString = 2910EB5D243FA4C100BCF721;
			remoteInfo = StatsTracker;
		};
/* End PBXContainerItemProxy section */

/* Begin PBXFileReference section */
		2901C04E24608E3B00635299 /* RosterTableViewCell.swift */ = {isa = PBXFileReference; lastKnownFileType = sourcecode.swift; path = RosterTableViewCell.swift; sourceTree = "<group>"; };
		290309B624906F7C004C7E3C /* PointModelConstants.swift */ = {isa = PBXFileReference; lastKnownFileType = sourcecode.swift; path = PointModelConstants.swift; sourceTree = "<group>"; };
		2905319E2461EB2100478FF9 /* RosterPresenter.swift */ = {isa = PBXFileReference; lastKnownFileType = sourcecode.swift; path = RosterPresenter.swift; sourceTree = "<group>"; };
		290531A02461F50800478FF9 /* NewPlayerViewController.swift */ = {isa = PBXFileReference; lastKnownFileType = sourcecode.swift; path = NewPlayerViewController.swift; sourceTree = "<group>"; };
		290531A22461F56500478FF9 /* NewPlayerPresenter.swift */ = {isa = PBXFileReference; lastKnownFileType = sourcecode.swift; path = NewPlayerPresenter.swift; sourceTree = "<group>"; };
		29053584245A098300A72DCF /* EditProfilePresenterTests.swift */ = {isa = PBXFileReference; lastKnownFileType = sourcecode.swift; path = EditProfilePresenterTests.swift; sourceTree = "<group>"; };
		29053586245A0B0B00A72DCF /* TestConstants.swift */ = {isa = PBXFileReference; lastKnownFileType = sourcecode.swift; path = TestConstants.swift; sourceTree = "<group>"; };
		290973A42490845E00844F29 /* GamesTableViewCell.swift */ = {isa = PBXFileReference; lastKnownFileType = sourcecode.swift; path = GamesTableViewCell.swift; sourceTree = "<group>"; };
		290973A62490885D00844F29 /* GameViewModel.swift */ = {isa = PBXFileReference; lastKnownFileType = sourcecode.swift; path = GameViewModel.swift; sourceTree = "<group>"; };
		290973A82490898000844F29 /* GameDetailViewController.swift */ = {isa = PBXFileReference; lastKnownFileType = sourcecode.swift; path = GameDetailViewController.swift; sourceTree = "<group>"; };
		290973AA249089F200844F29 /* GameDetailPresenter.swift */ = {isa = PBXFileReference; lastKnownFileType = sourcecode.swift; path = GameDetailPresenter.swift; sourceTree = "<group>"; };
		2910EB5E243FA4C100BCF721 /* StatsTracker.app */ = {isa = PBXFileReference; explicitFileType = wrapper.application; includeInIndex = 0; path = StatsTracker.app; sourceTree = BUILT_PRODUCTS_DIR; };
		2910EB61243FA4C100BCF721 /* AppDelegate.swift */ = {isa = PBXFileReference; lastKnownFileType = sourcecode.swift; path = AppDelegate.swift; sourceTree = "<group>"; };
		2910EB63243FA4C100BCF721 /* SceneDelegate.swift */ = {isa = PBXFileReference; lastKnownFileType = sourcecode.swift; path = SceneDelegate.swift; sourceTree = "<group>"; };
		2910EB65243FA4C100BCF721 /* RosterViewController.swift */ = {isa = PBXFileReference; lastKnownFileType = sourcecode.swift; path = RosterViewController.swift; sourceTree = "<group>"; };
		2910EB68243FA4C100BCF721 /* Base */ = {isa = PBXFileReference; lastKnownFileType = file.storyboard; name = Base; path = Base.lproj/Roster.storyboard; sourceTree = "<group>"; };
		2910EB6A243FA4C100BCF721 /* Assets.xcassets */ = {isa = PBXFileReference; lastKnownFileType = folder.assetcatalog; path = Assets.xcassets; sourceTree = "<group>"; };
		2910EB6D243FA4C100BCF721 /* Base */ = {isa = PBXFileReference; lastKnownFileType = file.storyboard; name = Base; path = Base.lproj/LaunchScreen.storyboard; sourceTree = "<group>"; };
		2910EB6F243FA4C100BCF721 /* Info.plist */ = {isa = PBXFileReference; lastKnownFileType = text.plist.xml; path = Info.plist; sourceTree = "<group>"; };
		2910EB74243FA4C100BCF721 /* StatsTrackerTests.xctest */ = {isa = PBXFileReference; explicitFileType = wrapper.cfbundle; includeInIndex = 0; path = StatsTrackerTests.xctest; sourceTree = BUILT_PRODUCTS_DIR; };
		2910EB78243FA4C100BCF721 /* RootCoordinatorTests.swift */ = {isa = PBXFileReference; lastKnownFileType = sourcecode.swift; path = RootCoordinatorTests.swift; sourceTree = "<group>"; };
		2910EB7A243FA4C100BCF721 /* Info.plist */ = {isa = PBXFileReference; lastKnownFileType = text.plist.xml; path = Info.plist; sourceTree = "<group>"; };
		2910EB83243FA53000BCF721 /* Coordinator.swift */ = {isa = PBXFileReference; lastKnownFileType = sourcecode.swift; path = Coordinator.swift; sourceTree = "<group>"; };
		2910EB85243FA53D00BCF721 /* Storyboarded.swift */ = {isa = PBXFileReference; lastKnownFileType = sourcecode.swift; path = Storyboarded.swift; sourceTree = "<group>"; };
		2910EB87243FA56A00BCF721 /* RosterCoordinator.swift */ = {isa = PBXFileReference; lastKnownFileType = sourcecode.swift; path = RosterCoordinator.swift; sourceTree = "<group>"; };
		2910EB8F243FB1D600BCF721 /* MainTabBarController.swift */ = {isa = PBXFileReference; lastKnownFileType = sourcecode.swift; path = MainTabBarController.swift; sourceTree = "<group>"; };
		2910EB91243FBFC400BCF721 /* PullCoordinator.swift */ = {isa = PBXFileReference; lastKnownFileType = sourcecode.swift; path = PullCoordinator.swift; sourceTree = "<group>"; };
		2910EB93243FC03000BCF721 /* Pull.storyboard */ = {isa = PBXFileReference; lastKnownFileType = file.storyboard; path = Pull.storyboard; sourceTree = "<group>"; };
		2910EB95243FC05F00BCF721 /* PullViewController.swift */ = {isa = PBXFileReference; lastKnownFileType = sourcecode.swift; path = PullViewController.swift; sourceTree = "<group>"; };
		291184772450BF8D007C534F /* TeamProfilePresenter.swift */ = {isa = PBXFileReference; lastKnownFileType = sourcecode.swift; path = TeamProfilePresenter.swift; sourceTree = "<group>"; };
		291184792450CA16007C534F /* SettingsPresenter.swift */ = {isa = PBXFileReference; lastKnownFileType = sourcecode.swift; path = SettingsPresenter.swift; sourceTree = "<group>"; };
		2911847B2450CD60007C534F /* EditProfilePresenter.swift */ = {isa = PBXFileReference; lastKnownFileType = sourcecode.swift; path = EditProfilePresenter.swift; sourceTree = "<group>"; };
		2915A0402491D3BA0072A414 /* GameDetailPresenterTests.swift */ = {isa = PBXFileReference; lastKnownFileType = sourcecode.swift; path = GameDetailPresenterTests.swift; sourceTree = "<group>"; };
		2915A0422491D51A0072A414 /* GameDetailViewControllerTests.swift */ = {isa = PBXFileReference; lastKnownFileType = sourcecode.swift; path = GameDetailViewControllerTests.swift; sourceTree = "<group>"; };
		29210DF024687F2800CDBFF9 /* PlayerModelConstants.swift */ = {isa = PBXFileReference; lastKnownFileType = sourcecode.swift; path = PlayerModelConstants.swift; sourceTree = "<group>"; };
		292D7B7F24637DD700910A7C /* PlayerModel.swift */ = {isa = PBXFileReference; lastKnownFileType = sourcecode.swift; path = PlayerModel.swift; sourceTree = "<group>"; };
		2930B93A2471E3B5007A994E /* PlayGameViewController.swift */ = {isa = PBXFileReference; lastKnownFileType = sourcecode.swift; path = PlayGameViewController.swift; sourceTree = "<group>"; };
		2930B93C2471E3F5007A994E /* PlayGamePresenter.swift */ = {isa = PBXFileReference; lastKnownFileType = sourcecode.swift; path = PlayGamePresenter.swift; sourceTree = "<group>"; };
		2930B93E2471E829007A994E /* PlayGamePresenterTests.swift */ = {isa = PBXFileReference; lastKnownFileType = sourcecode.swift; path = PlayGamePresenterTests.swift; sourceTree = "<group>"; };
		2930B9402471E8D0007A994E /* PlayGameViewControllerTests.swift */ = {isa = PBXFileReference; lastKnownFileType = sourcecode.swift; path = PlayGameViewControllerTests.swift; sourceTree = "<group>"; };
		2930B9422471F6AF007A994E /* RolesTableViewCell.swift */ = {isa = PBXFileReference; lastKnownFileType = sourcecode.swift; path = RolesTableViewCell.swift; sourceTree = "<group>"; };
		2939469B2443E64F0021D07B /* FirebaseAuthManager.swift */ = {isa = PBXFileReference; lastKnownFileType = sourcecode.swift; path = FirebaseAuthManager.swift; sourceTree = "<group>"; };
		2939469F2443FD530021D07B /* SettingsViewController.swift */ = {isa = PBXFileReference; lastKnownFileType = sourcecode.swift; path = SettingsViewController.swift; sourceTree = "<group>"; };
		2939618B247EF43E0089A485 /* PlayerCollectionViewCell.swift */ = {isa = PBXFileReference; lastKnownFileType = sourcecode.swift; path = PlayerCollectionViewCell.swift; sourceTree = "<group>"; };
		2939618D247F0A3A0089A485 /* PlayersCollectionHeaderView.swift */ = {isa = PBXFileReference; lastKnownFileType = sourcecode.swift; path = PlayersCollectionHeaderView.swift; sourceTree = "<group>"; };
		294296862474B981009B0C9C /* RolesCellViewModelTests.swift */ = {isa = PBXFileReference; lastKnownFileType = sourcecode.swift; path = RolesCellViewModelTests.swift; sourceTree = "<group>"; };
		294296882474C1A5009B0C9C /* TableViewSpy.swift */ = {isa = PBXFileReference; lastKnownFileType = sourcecode.swift; path = TableViewSpy.swift; sourceTree = "<group>"; };
		29431EB1244776BB00B1302A /* EditProfileViewController.swift */ = {isa = PBXFileReference; lastKnownFileType = sourcecode.swift; path = EditProfileViewController.swift; sourceTree = "<group>"; };
		294455582459F1A60085B7EE /* LoginPresenterTests.swift */ = {isa = PBXFileReference; lastKnownFileType = sourcecode.swift; path = LoginPresenterTests.swift; sourceTree = "<group>"; };
		29458D062447AA9900EC03AB /* UserDataModel.swift */ = {isa = PBXFileReference; lastKnownFileType = sourcecode.swift; path = UserDataModel.swift; sourceTree = "<group>"; };
		294A873F24466517003FC969 /* RootViewController.swift */ = {isa = PBXFileReference; lastKnownFileType = sourcecode.swift; path = RootViewController.swift; sourceTree = "<group>"; };
		294A8742244666F6003FC969 /* Root.storyboard */ = {isa = PBXFileReference; lastKnownFileType = file.storyboard; path = Root.storyboard; sourceTree = "<group>"; };
		294A874424466889003FC969 /* RootCoordinator.swift */ = {isa = PBXFileReference; lastKnownFileType = sourcecode.swift; path = RootCoordinator.swift; sourceTree = "<group>"; };
		294A87492446ABFF003FC969 /* FirebaseKeys.swift */ = {isa = PBXFileReference; lastKnownFileType = sourcecode.swift; path = FirebaseKeys.swift; sourceTree = "<group>"; };
		294AAF27245E481C006B723E /* Errors.swift */ = {isa = PBXFileReference; lastKnownFileType = sourcecode.swift; path = Errors.swift; sourceTree = "<group>"; };
		295108F2246C66DD0083F7EC /* HomeViewControllerTests.swift */ = {isa = PBXFileReference; lastKnownFileType = sourcecode.swift; path = HomeViewControllerTests.swift; sourceTree = "<group>"; };
		295108F4246C687D0083F7EC /* SignUpViewControllerTests.swift */ = {isa = PBXFileReference; lastKnownFileType = sourcecode.swift; path = SignUpViewControllerTests.swift; sourceTree = "<group>"; };
		295108F6246C6BFC0083F7EC /* LoginViewControllerTests.swift */ = {isa = PBXFileReference; lastKnownFileType = sourcecode.swift; path = LoginViewControllerTests.swift; sourceTree = "<group>"; };
		295108F8246C6CCD0083F7EC /* MainTabBarControllerTests.swift */ = {isa = PBXFileReference; lastKnownFileType = sourcecode.swift; path = MainTabBarControllerTests.swift; sourceTree = "<group>"; };
		295108FD246C6F510083F7EC /* TeamProfileViewControllerTests.swift */ = {isa = PBXFileReference; lastKnownFileType = sourcecode.swift; path = TeamProfileViewControllerTests.swift; sourceTree = "<group>"; };
		29510901246C73CC0083F7EC /* SettingsViewControllerTests.swift */ = {isa = PBXFileReference; lastKnownFileType = sourcecode.swift; path = SettingsViewControllerTests.swift; sourceTree = "<group>"; };
		29510903246C78010083F7EC /* EditProfileViewControllerTests.swift */ = {isa = PBXFileReference; lastKnownFileType = sourcecode.swift; path = EditProfileViewControllerTests.swift; sourceTree = "<group>"; };
		29547CBD2492B58800EF6FC4 /* RosterCellViewModel.swift */ = {isa = PBXFileReference; lastKnownFileType = sourcecode.swift; path = RosterCellViewModel.swift; sourceTree = "<group>"; };
		29547CBF2492CC3A00EF6FC4 /* RosterCellViewModelTests.swift */ = {isa = PBXFileReference; lastKnownFileType = sourcecode.swift; path = RosterCellViewModelTests.swift; sourceTree = "<group>"; };
		29592CDF2489C42600032763 /* GameModelConstants.swift */ = {isa = PBXFileReference; lastKnownFileType = sourcecode.swift; path = GameModelConstants.swift; sourceTree = "<group>"; };
		29592CE12489C9C600032763 /* ScoreModelConstants.swift */ = {isa = PBXFileReference; lastKnownFileType = sourcecode.swift; path = ScoreModelConstants.swift; sourceTree = "<group>"; };
		295D80B5245128BB00CD8CBF /* SignUpPresenter.swift */ = {isa = PBXFileReference; lastKnownFileType = sourcecode.swift; path = SignUpPresenter.swift; sourceTree = "<group>"; };
		295D80B7245128C600CD8CBF /* LoginPresenter.swift */ = {isa = PBXFileReference; lastKnownFileType = sourcecode.swift; path = LoginPresenter.swift; sourceTree = "<group>"; };
		296644692452412C0013D902 /* Presenter.swift */ = {isa = PBXFileReference; lastKnownFileType = sourcecode.swift; path = Presenter.swift; sourceTree = "<group>"; };
		2969BC58244A2C4400E95EBA /* MainTabBarCoordinator.swift */ = {isa = PBXFileReference; lastKnownFileType = sourcecode.swift; path = MainTabBarCoordinator.swift; sourceTree = "<group>"; };
		2973A8D5245B5159002CD459 /* AuthError.swift */ = {isa = PBXFileReference; lastKnownFileType = sourcecode.swift; path = AuthError.swift; sourceTree = "<group>"; };
		2973A8D7245B518E002CD459 /* DBError.swift */ = {isa = PBXFileReference; lastKnownFileType = sourcecode.swift; path = DBError.swift; sourceTree = "<group>"; };
		2973A8DA245B5209002CD459 /* UserDataModelConstants.swift */ = {isa = PBXFileReference; lastKnownFileType = sourcecode.swift; path = UserDataModelConstants.swift; sourceTree = "<group>"; };
		297B4E0A244B6FB4001233B9 /* AuthenticationManager.swift */ = {isa = PBXFileReference; lastKnownFileType = sourcecode.swift; path = AuthenticationManager.swift; sourceTree = "<group>"; };
		298566282459F26200E0F77A /* TeamProfilePresenterTests.swift */ = {isa = PBXFileReference; lastKnownFileType = sourcecode.swift; path = TeamProfilePresenterTests.swift; sourceTree = "<group>"; };
		2985662A2459F70E00E0F77A /* SettingsPresenterTests.swift */ = {isa = PBXFileReference; lastKnownFileType = sourcecode.swift; path = SettingsPresenterTests.swift; sourceTree = "<group>"; };
		2989B7C8244906A90072FB34 /* TeamProfileViewModel.swift */ = {isa = PBXFileReference; lastKnownFileType = sourcecode.swift; path = TeamProfileViewModel.swift; sourceTree = "<group>"; };
		2990A4A72468FD1E00F5F745 /* RosterPresenterTests.swift */ = {isa = PBXFileReference; lastKnownFileType = sourcecode.swift; path = RosterPresenterTests.swift; sourceTree = "<group>"; };
		2997072F245BB5880017F219 /* MockDBManager.swift */ = {isa = PBXFileReference; lastKnownFileType = sourcecode.swift; path = MockDBManager.swift; sourceTree = "<group>"; };
		299D32DC245910B4009A7E37 /* MainTabBarCoordinatorTests.swift */ = {isa = PBXFileReference; lastKnownFileType = sourcecode.swift; path = MainTabBarCoordinatorTests.swift; sourceTree = "<group>"; };
		299D32DE2459122B009A7E37 /* TeamProfileCoordinatorTests.swift */ = {isa = PBXFileReference; lastKnownFileType = sourcecode.swift; path = TeamProfileCoordinatorTests.swift; sourceTree = "<group>"; };
		299D32E02459163C009A7E37 /* RosterCoordinatorTests.swift */ = {isa = PBXFileReference; lastKnownFileType = sourcecode.swift; path = RosterCoordinatorTests.swift; sourceTree = "<group>"; };
		299D32E2245916B6009A7E37 /* PullCoordinatorTests.swift */ = {isa = PBXFileReference; lastKnownFileType = sourcecode.swift; path = PullCoordinatorTests.swift; sourceTree = "<group>"; };
		299D32E4245916E7009A7E37 /* GamesCoordinatorTests.swift */ = {isa = PBXFileReference; lastKnownFileType = sourcecode.swift; path = GamesCoordinatorTests.swift; sourceTree = "<group>"; };
		299D32E724591782009A7E37 /* SignUpPresenterTests.swift */ = {isa = PBXFileReference; lastKnownFileType = sourcecode.swift; path = SignUpPresenterTests.swift; sourceTree = "<group>"; };
		29A12615246DD59600581D30 /* PullViewControllerTests.swift */ = {isa = PBXFileReference; lastKnownFileType = sourcecode.swift; path = PullViewControllerTests.swift; sourceTree = "<group>"; };
		29A12619246DD6C600581D30 /* PullPresenter.swift */ = {isa = PBXFileReference; lastKnownFileType = sourcecode.swift; path = PullPresenter.swift; sourceTree = "<group>"; };
		29A1261B246DDA2D00581D30 /* GamesViewControllerTests.swift */ = {isa = PBXFileReference; lastKnownFileType = sourcecode.swift; path = GamesViewControllerTests.swift; sourceTree = "<group>"; };
		29A1261F246DDAAA00581D30 /* GamesPresenter.swift */ = {isa = PBXFileReference; lastKnownFileType = sourcecode.swift; path = GamesPresenter.swift; sourceTree = "<group>"; };
		29A12623246DDBB900581D30 /* PullPresenterTests.swift */ = {isa = PBXFileReference; lastKnownFileType = sourcecode.swift; path = PullPresenterTests.swift; sourceTree = "<group>"; };
		29A12625246DDC9700581D30 /* GamesPresenterTests.swift */ = {isa = PBXFileReference; lastKnownFileType = sourcecode.swift; path = GamesPresenterTests.swift; sourceTree = "<group>"; };
		29A279BD2462162E00C91FDF /* PlayerViewModel.swift */ = {isa = PBXFileReference; lastKnownFileType = sourcecode.swift; path = PlayerViewModel.swift; sourceTree = "<group>"; };
		29A279C12462644F00C91FDF /* PlayerDetailViewController.swift */ = {isa = PBXFileReference; lastKnownFileType = sourcecode.swift; path = PlayerDetailViewController.swift; sourceTree = "<group>"; };
		29A279C32462648400C91FDF /* PlayerDetailPresenter.swift */ = {isa = PBXFileReference; lastKnownFileType = sourcecode.swift; path = PlayerDetailPresenter.swift; sourceTree = "<group>"; };
		29AD51FF243FE35E0094DCDE /* TeamProfileCoordinator.swift */ = {isa = PBXFileReference; lastKnownFileType = sourcecode.swift; path = TeamProfileCoordinator.swift; sourceTree = "<group>"; };
		29AD5201243FE38F0094DCDE /* TeamProfile.storyboard */ = {isa = PBXFileReference; lastKnownFileType = file.storyboard; path = TeamProfile.storyboard; sourceTree = "<group>"; };
		29AD5203243FE3C50094DCDE /* TeamProfileViewController.swift */ = {isa = PBXFileReference; lastKnownFileType = sourcecode.swift; path = TeamProfileViewController.swift; sourceTree = "<group>"; };
		29AD5205243FE7110094DCDE /* Games.storyboard */ = {isa = PBXFileReference; lastKnownFileType = file.storyboard; path = Games.storyboard; sourceTree = "<group>"; };
		29AD5207243FE71D0094DCDE /* GamesCoordinator.swift */ = {isa = PBXFileReference; lastKnownFileType = sourcecode.swift; path = GamesCoordinator.swift; sourceTree = "<group>"; };
		29AD5209243FE7600094DCDE /* GamesViewController.swift */ = {isa = PBXFileReference; lastKnownFileType = sourcecode.swift; path = GamesViewController.swift; sourceTree = "<group>"; };
		29AE86DC24958F0C00C02D29 /* GamesCellViewModel.swift */ = {isa = PBXFileReference; lastKnownFileType = sourcecode.swift; path = GamesCellViewModel.swift; sourceTree = "<group>"; };
		29AE86DE2495901F00C02D29 /* GamesCellViewModelTests.swift */ = {isa = PBXFileReference; lastKnownFileType = sourcecode.swift; path = GamesCellViewModelTests.swift; sourceTree = "<group>"; };
		29B8B3692440E13E0068B24D /* SignUpViewController.swift */ = {isa = PBXFileReference; lastKnownFileType = sourcecode.swift; path = SignUpViewController.swift; sourceTree = "<group>"; };
		29B8B36B2440E1690068B24D /* LoginViewController.swift */ = {isa = PBXFileReference; lastKnownFileType = sourcecode.swift; path = LoginViewController.swift; sourceTree = "<group>"; };
		29B8B36D2440FE640068B24D /* GoogleService-Info.plist */ = {isa = PBXFileReference; fileEncoding = 4; lastKnownFileType = text.plist.xml; path = "GoogleService-Info.plist"; sourceTree = "<group>"; };
		29C29D1F246C918600CDBEBB /* RosterViewControllerTests.swift */ = {isa = PBXFileReference; lastKnownFileType = sourcecode.swift; path = RosterViewControllerTests.swift; sourceTree = "<group>"; };
		29C29D21246C983E00CDBEBB /* NewPlayerViewControllerTests.swift */ = {isa = PBXFileReference; lastKnownFileType = sourcecode.swift; path = NewPlayerViewControllerTests.swift; sourceTree = "<group>"; };
		29C29D23246C9C5E00CDBEBB /* PlayerDetailViewControllerTests.swift */ = {isa = PBXFileReference; lastKnownFileType = sourcecode.swift; path = PlayerDetailViewControllerTests.swift; sourceTree = "<group>"; };
		29C61B30245A17B600F00987 /* FirestoreDBManager.swift */ = {isa = PBXFileReference; lastKnownFileType = sourcecode.swift; path = FirestoreDBManager.swift; sourceTree = "<group>"; };
		29C61B32245A2ED400F00987 /* DatabaseManager.swift */ = {isa = PBXFileReference; lastKnownFileType = sourcecode.swift; path = DatabaseManager.swift; sourceTree = "<group>"; };
		29CAB5CA24726A28006A1026 /* RolesTableViewCellTests.swift */ = {isa = PBXFileReference; lastKnownFileType = sourcecode.swift; path = RolesTableViewCellTests.swift; sourceTree = "<group>"; };
		29CCF52224414233003F201A /* SettingsTableViewCell.swift */ = {isa = PBXFileReference; lastKnownFileType = sourcecode.swift; path = SettingsTableViewCell.swift; sourceTree = "<group>"; };
		29CCF52424414921003F201A /* Constants.swift */ = {isa = PBXFileReference; lastKnownFileType = sourcecode.swift; path = Constants.swift; sourceTree = "<group>"; };
		29CEDCCB24730CFB00F7F635 /* Roles.swift */ = {isa = PBXFileReference; lastKnownFileType = sourcecode.swift; path = Roles.swift; sourceTree = "<group>"; };
		29CEDCCD24730D3D00F7F635 /* Gender.swift */ = {isa = PBXFileReference; lastKnownFileType = sourcecode.swift; path = Gender.swift; sourceTree = "<group>"; };
		29CEDCCF24730FD600F7F635 /* GameDataModel.swift */ = {isa = PBXFileReference; lastKnownFileType = sourcecode.swift; path = GameDataModel.swift; sourceTree = "<group>"; };
		29CEDCD124730FF900F7F635 /* PointDataModel.swift */ = {isa = PBXFileReference; lastKnownFileType = sourcecode.swift; path = PointDataModel.swift; sourceTree = "<group>"; };
		29CEDCD32473109500F7F635 /* DocumentSerializable.swift */ = {isa = PBXFileReference; lastKnownFileType = sourcecode.swift; path = DocumentSerializable.swift; sourceTree = "<group>"; };
		29CEDCD5247310FB00F7F635 /* ScoreModel.swift */ = {isa = PBXFileReference; lastKnownFileType = sourcecode.swift; path = ScoreModel.swift; sourceTree = "<group>"; };
		29CEDCD72473138900F7F635 /* WindDirection.swift */ = {isa = PBXFileReference; lastKnownFileType = sourcecode.swift; path = WindDirection.swift; sourceTree = "<group>"; };
		29CEDCD9247313A200F7F635 /* PointType.swift */ = {isa = PBXFileReference; lastKnownFileType = sourcecode.swift; path = PointType.swift; sourceTree = "<group>"; };
		29D0E14024401238008E14F3 /* AuthCoordinator.swift */ = {isa = PBXFileReference; lastKnownFileType = sourcecode.swift; path = AuthCoordinator.swift; sourceTree = "<group>"; };
		29D0E1422440128B008E14F3 /* Auth.storyboard */ = {isa = PBXFileReference; lastKnownFileType = file.storyboard; path = Auth.storyboard; sourceTree = "<group>"; };
		29D0E1442440129A008E14F3 /* HomeViewController.swift */ = {isa = PBXFileReference; lastKnownFileType = sourcecode.swift; path = HomeViewController.swift; sourceTree = "<group>"; };
		29D2CD4F247F3D6E008B1372 /* CollectionViewSpy.swift */ = {isa = PBXFileReference; lastKnownFileType = sourcecode.swift; path = CollectionViewSpy.swift; sourceTree = "<group>"; };
		29D9A74D2469F130002BBAC1 /* NewPlayerPresenterTests.swift */ = {isa = PBXFileReference; lastKnownFileType = sourcecode.swift; path = NewPlayerPresenterTests.swift; sourceTree = "<group>"; };
		29D9A74F2469F653002BBAC1 /* PlayerDetailPresenterTests.swift */ = {isa = PBXFileReference; lastKnownFileType = sourcecode.swift; path = PlayerDetailPresenterTests.swift; sourceTree = "<group>"; };
		29DE1CC1247399B800646030 /* CustomError.swift */ = {isa = PBXFileReference; lastKnownFileType = sourcecode.swift; path = CustomError.swift; sourceTree = "<group>"; };
		29E6C69B245902FC00E41586 /* MockNavigationController.swift */ = {isa = PBXFileReference; lastKnownFileType = sourcecode.swift; path = MockNavigationController.swift; sourceTree = "<group>"; };
		29E6C69D2459030800E41586 /* MockAuthManager.swift */ = {isa = PBXFileReference; lastKnownFileType = sourcecode.swift; path = MockAuthManager.swift; sourceTree = "<group>"; };
		29E6C69F2459074B00E41586 /* AuthCoordinatorTests.swift */ = {isa = PBXFileReference; lastKnownFileType = sourcecode.swift; path = AuthCoordinatorTests.swift; sourceTree = "<group>"; };
		29E8FCE024723D5E00DA5138 /* RolesCellViewModel.swift */ = {isa = PBXFileReference; lastKnownFileType = sourcecode.swift; path = RolesCellViewModel.swift; sourceTree = "<group>"; };
		2A94E478690B9B709EAC8527 /* Pods-StatsTracker.release.xcconfig */ = {isa = PBXFileReference; includeInIndex = 1; lastKnownFileType = text.xcconfig; name = "Pods-StatsTracker.release.xcconfig"; path = "Target Support Files/Pods-StatsTracker/Pods-StatsTracker.release.xcconfig"; sourceTree = "<group>"; };
		7D0D2CF08AD586DE27CE5129 /* Pods-StatsTracker.debug.xcconfig */ = {isa = PBXFileReference; includeInIndex = 1; lastKnownFileType = text.xcconfig; name = "Pods-StatsTracker.debug.xcconfig"; path = "Target Support Files/Pods-StatsTracker/Pods-StatsTracker.debug.xcconfig"; sourceTree = "<group>"; };
		92126AAE536C867113DE7343 /* Pods_StatsTrackerTests.framework */ = {isa = PBXFileReference; explicitFileType = wrapper.framework; includeInIndex = 0; path = Pods_StatsTrackerTests.framework; sourceTree = BUILT_PRODUCTS_DIR; };
		B96C0337CE51DEC03AA4D93F /* Pods-StatsTrackerTests.release.xcconfig */ = {isa = PBXFileReference; includeInIndex = 1; lastKnownFileType = text.xcconfig; name = "Pods-StatsTrackerTests.release.xcconfig"; path = "Target Support Files/Pods-StatsTrackerTests/Pods-StatsTrackerTests.release.xcconfig"; sourceTree = "<group>"; };
		E707A5421FADCA7473E4E2D2 /* Pods-StatsTrackerTests.debug.xcconfig */ = {isa = PBXFileReference; includeInIndex = 1; lastKnownFileType = text.xcconfig; name = "Pods-StatsTrackerTests.debug.xcconfig"; path = "Target Support Files/Pods-StatsTrackerTests/Pods-StatsTrackerTests.debug.xcconfig"; sourceTree = "<group>"; };
		E8BEBC8F5270F94EDCB9EF9E /* Pods_StatsTracker.framework */ = {isa = PBXFileReference; explicitFileType = wrapper.framework; includeInIndex = 0; path = Pods_StatsTracker.framework; sourceTree = BUILT_PRODUCTS_DIR; };
/* End PBXFileReference section */

/* Begin PBXFrameworksBuildPhase section */
		2910EB5B243FA4C100BCF721 /* Frameworks */ = {
			isa = PBXFrameworksBuildPhase;
			buildActionMask = 2147483647;
			files = (
				FFFF87B7DBF2093BA043A989 /* Pods_StatsTracker.framework in Frameworks */,
			);
			runOnlyForDeploymentPostprocessing = 0;
		};
		2910EB71243FA4C100BCF721 /* Frameworks */ = {
			isa = PBXFrameworksBuildPhase;
			buildActionMask = 2147483647;
			files = (
				7A4FDEB6AC2EA17757766A96 /* Pods_StatsTrackerTests.framework in Frameworks */,
			);
			runOnlyForDeploymentPostprocessing = 0;
		};
/* End PBXFrameworksBuildPhase section */

/* Begin PBXGroup section */
		2901C05024608EF000635299 /* ViewControllers */ = {
			isa = PBXGroup;
			children = (
				2910EB65243FA4C100BCF721 /* RosterViewController.swift */,
				2901C04E24608E3B00635299 /* RosterTableViewCell.swift */,
				290531A02461F50800478FF9 /* NewPlayerViewController.swift */,
				29A279C12462644F00C91FDF /* PlayerDetailViewController.swift */,
				2930B9422471F6AF007A994E /* RolesTableViewCell.swift */,
			);
			path = ViewControllers;
			sourceTree = "<group>";
		};
		2901C05124608F0100635299 /* Presenters */ = {
			isa = PBXGroup;
			children = (
				2905319E2461EB2100478FF9 /* RosterPresenter.swift */,
				290531A22461F56500478FF9 /* NewPlayerPresenter.swift */,
				29A279C32462648400C91FDF /* PlayerDetailPresenter.swift */,
			);
			path = Presenters;
			sourceTree = "<group>";
		};
		2910EB55243FA4C100BCF721 = {
			isa = PBXGroup;
			children = (
				2910EB60243FA4C100BCF721 /* StatsTracker */,
				2910EB77243FA4C100BCF721 /* StatsTrackerTests */,
				2910EB5F243FA4C100BCF721 /* Products */,
				2A82467B46EBE53FA0A9B8B7 /* Pods */,
				58159F7F6CED5B5CFB49FC54 /* Frameworks */,
			);
			sourceTree = "<group>";
		};
		2910EB5F243FA4C100BCF721 /* Products */ = {
			isa = PBXGroup;
			children = (
				2910EB5E243FA4C100BCF721 /* StatsTracker.app */,
				2910EB74243FA4C100BCF721 /* StatsTrackerTests.xctest */,
			);
			name = Products;
			sourceTree = "<group>";
		};
		2910EB60243FA4C100BCF721 /* StatsTracker */ = {
			isa = PBXGroup;
			children = (
				2910EB61243FA4C100BCF721 /* AppDelegate.swift */,
				2910EB63243FA4C100BCF721 /* SceneDelegate.swift */,
				29458D0A2447C4AE00EC03AB /* Models */,
				2910EB98243FC47500BCF721 /* Helpers */,
				294A87482446ABF0003FC969 /* Firebase */,
				294A8741244666D9003FC969 /* Root */,
				29D0E13F24401215008E14F3 /* Auth */,
				2969BC5A244A4CCE00E95EBA /* MainTabBar */,
				294763B7245407CC002DC5AD /* Tabs */,
				2910EB6C243FA4C100BCF721 /* LaunchScreen.storyboard */,
				2910EB6A243FA4C100BCF721 /* Assets.xcassets */,
				2910EB6F243FA4C100BCF721 /* Info.plist */,
				29B8B36D2440FE640068B24D /* GoogleService-Info.plist */,
			);
			path = StatsTracker;
			sourceTree = "<group>";
		};
		2910EB77243FA4C100BCF721 /* StatsTrackerTests */ = {
			isa = PBXGroup;
			children = (
				29053586245A0B0B00A72DCF /* TestConstants.swift */,
				29E6C69A245902E700E41586 /* MockClasses */,
				29E6C6A124590CD400E41586 /* Coordinators */,
				299D32E62459170A009A7E37 /* Presenters */,
				295108F1246C663E0083F7EC /* ViewControllers */,
				2910EB7A243FA4C100BCF721 /* Info.plist */,
			);
			path = StatsTrackerTests;
			sourceTree = "<group>";
		};
		2910EB98243FC47500BCF721 /* Helpers */ = {
			isa = PBXGroup;
			children = (
				29CEDCCA24730CEE00F7F635 /* Enums */,
				2973A8D9245B51EB002CD459 /* Constants */,
				2973A8D4245B514D002CD459 /* Errors */,
				297EB58D24536F4D008DE8C6 /* Protocols */,
			);
			path = Helpers;
			sourceTree = "<group>";
		};
		2910EB99243FC5C800BCF721 /* Pull */ = {
			isa = PBXGroup;
			children = (
				29A12617246DD69D00581D30 /* Presenters */,
				29A12618246DD6A300581D30 /* ViewControllers */,
				2910EB93243FC03000BCF721 /* Pull.storyboard */,
				2910EB91243FBFC400BCF721 /* PullCoordinator.swift */,
			);
			path = Pull;
			sourceTree = "<group>";
		};
		2910EB9A243FC5FB00BCF721 /* Roster */ = {
			isa = PBXGroup;
			children = (
				2901C05124608F0100635299 /* Presenters */,
				2901C05024608EF000635299 /* ViewControllers */,
				2910EB67243FA4C100BCF721 /* Roster.storyboard */,
				2910EB87243FA56A00BCF721 /* RosterCoordinator.swift */,
				29A279BD2462162E00C91FDF /* PlayerViewModel.swift */,
				29E8FCE024723D5E00DA5138 /* RolesCellViewModel.swift */,
				29547CBD2492B58800EF6FC4 /* RosterCellViewModel.swift */,
			);
			path = Roster;
			sourceTree = "<group>";
		};
		29458D0A2447C4AE00EC03AB /* Models */ = {
			isa = PBXGroup;
			children = (
				29458D062447AA9900EC03AB /* UserDataModel.swift */,
				292D7B7F24637DD700910A7C /* PlayerModel.swift */,
				29CEDCCF24730FD600F7F635 /* GameDataModel.swift */,
				29CEDCD124730FF900F7F635 /* PointDataModel.swift */,
				29CEDCD5247310FB00F7F635 /* ScoreModel.swift */,
			);
			path = Models;
			sourceTree = "<group>";
		};
		294763B7245407CC002DC5AD /* Tabs */ = {
			isa = PBXGroup;
			children = (
				29AD51FA243FE2880094DCDE /* TeamProfile */,
				2910EB9A243FC5FB00BCF721 /* Roster */,
				2910EB99243FC5C800BCF721 /* Pull */,
				29AD51FB243FE2AD0094DCDE /* Games */,
			);
			path = Tabs;
			sourceTree = "<group>";
		};
		294A8741244666D9003FC969 /* Root */ = {
			isa = PBXGroup;
			children = (
				294A8742244666F6003FC969 /* Root.storyboard */,
				294A874424466889003FC969 /* RootCoordinator.swift */,
				294A873F24466517003FC969 /* RootViewController.swift */,
			);
			path = Root;
			sourceTree = "<group>";
		};
		294A87482446ABF0003FC969 /* Firebase */ = {
			isa = PBXGroup;
			children = (
				2939469B2443E64F0021D07B /* FirebaseAuthManager.swift */,
				29C61B30245A17B600F00987 /* FirestoreDBManager.swift */,
			);
			path = Firebase;
			sourceTree = "<group>";
		};
		295108F1246C663E0083F7EC /* ViewControllers */ = {
			isa = PBXGroup;
			children = (
				295108FF246C73940083F7EC /* Auth */,
				295108F8246C6CCD0083F7EC /* MainTabBarControllerTests.swift */,
				29510900246C73A10083F7EC /* TeamProfile */,
				29C29D1E246C917000CDBEBB /* Roster */,
				29A12613246DD57200581D30 /* Pull */,
				29A12614246DD58400581D30 /* Games */,
			);
			path = ViewControllers;
			sourceTree = "<group>";
		};
		295108FA246C6EF90083F7EC /* Auth */ = {
			isa = PBXGroup;
			children = (
				299D32E724591782009A7E37 /* SignUpPresenterTests.swift */,
				294455582459F1A60085B7EE /* LoginPresenterTests.swift */,
			);
			path = Auth;
			sourceTree = "<group>";
		};
		295108FB246C6F080083F7EC /* TeamProfile */ = {
			isa = PBXGroup;
			children = (
				298566282459F26200E0F77A /* TeamProfilePresenterTests.swift */,
				2985662A2459F70E00E0F77A /* SettingsPresenterTests.swift */,
				29053584245A098300A72DCF /* EditProfilePresenterTests.swift */,
			);
			path = TeamProfile;
			sourceTree = "<group>";
		};
		295108FC246C6F1D0083F7EC /* Roster */ = {
			isa = PBXGroup;
			children = (
				2990A4A72468FD1E00F5F745 /* RosterPresenterTests.swift */,
				29D9A74D2469F130002BBAC1 /* NewPlayerPresenterTests.swift */,
				29D9A74F2469F653002BBAC1 /* PlayerDetailPresenterTests.swift */,
			);
			path = Roster;
			sourceTree = "<group>";
		};
		295108FF246C73940083F7EC /* Auth */ = {
			isa = PBXGroup;
			children = (
				295108F2246C66DD0083F7EC /* HomeViewControllerTests.swift */,
				295108F4246C687D0083F7EC /* SignUpViewControllerTests.swift */,
				295108F6246C6BFC0083F7EC /* LoginViewControllerTests.swift */,
			);
			path = Auth;
			sourceTree = "<group>";
		};
		29510900246C73A10083F7EC /* TeamProfile */ = {
			isa = PBXGroup;
			children = (
				295108FD246C6F510083F7EC /* TeamProfileViewControllerTests.swift */,
				29510901246C73CC0083F7EC /* SettingsViewControllerTests.swift */,
				29510903246C78010083F7EC /* EditProfileViewControllerTests.swift */,
			);
			path = TeamProfile;
			sourceTree = "<group>";
		};
		2969BC5A244A4CCE00E95EBA /* MainTabBar */ = {
			isa = PBXGroup;
			children = (
				2969BC58244A2C4400E95EBA /* MainTabBarCoordinator.swift */,
				2910EB8F243FB1D600BCF721 /* MainTabBarController.swift */,
			);
			path = MainTabBar;
			sourceTree = "<group>";
		};
		2973A8D4245B514D002CD459 /* Errors */ = {
			isa = PBXGroup;
			children = (
				2973A8D5245B5159002CD459 /* AuthError.swift */,
				2973A8D7245B518E002CD459 /* DBError.swift */,
				29DE1CC1247399B800646030 /* CustomError.swift */,
			);
			path = Errors;
			sourceTree = "<group>";
		};
		2973A8D9245B51EB002CD459 /* Constants */ = {
			isa = PBXGroup;
			children = (
				29CCF52424414921003F201A /* Constants.swift */,
				2973A8DA245B5209002CD459 /* UserDataModelConstants.swift */,
				294A87492446ABFF003FC969 /* FirebaseKeys.swift */,
				294AAF27245E481C006B723E /* Errors.swift */,
				29210DF024687F2800CDBFF9 /* PlayerModelConstants.swift */,
				29592CDF2489C42600032763 /* GameModelConstants.swift */,
				29592CE12489C9C600032763 /* ScoreModelConstants.swift */,
				290309B624906F7C004C7E3C /* PointModelConstants.swift */,
			);
			path = Constants;
			sourceTree = "<group>";
		};
		297EB58D24536F4D008DE8C6 /* Protocols */ = {
			isa = PBXGroup;
			children = (
				2910EB83243FA53000BCF721 /* Coordinator.swift */,
				296644692452412C0013D902 /* Presenter.swift */,
				2910EB85243FA53D00BCF721 /* Storyboarded.swift */,
				297B4E0A244B6FB4001233B9 /* AuthenticationManager.swift */,
				29C61B32245A2ED400F00987 /* DatabaseManager.swift */,
				29CEDCD32473109500F7F635 /* DocumentSerializable.swift */,
			);
			path = Protocols;
			sourceTree = "<group>";
		};
		297EB58E24536F6B008DE8C6 /* ViewControllers */ = {
			isa = PBXGroup;
			children = (
				29D0E1442440129A008E14F3 /* HomeViewController.swift */,
				29B8B3692440E13E0068B24D /* SignUpViewController.swift */,
				29B8B36B2440E1690068B24D /* LoginViewController.swift */,
			);
			path = ViewControllers;
			sourceTree = "<group>";
		};
		297EB58F24536F7A008DE8C6 /* Presenters */ = {
			isa = PBXGroup;
			children = (
				295D80B5245128BB00CD8CBF /* SignUpPresenter.swift */,
				295D80B7245128C600CD8CBF /* LoginPresenter.swift */,
			);
			path = Presenters;
			sourceTree = "<group>";
		};
		297EB59024536F90008DE8C6 /* ViewControllers */ = {
			isa = PBXGroup;
			children = (
				29AD5203243FE3C50094DCDE /* TeamProfileViewController.swift */,
				2939469F2443FD530021D07B /* SettingsViewController.swift */,
				29CCF52224414233003F201A /* SettingsTableViewCell.swift */,
				29431EB1244776BB00B1302A /* EditProfileViewController.swift */,
			);
			path = ViewControllers;
			sourceTree = "<group>";
		};
		297EB59124536FA6008DE8C6 /* Presenters */ = {
			isa = PBXGroup;
			children = (
				291184772450BF8D007C534F /* TeamProfilePresenter.swift */,
				291184792450CA16007C534F /* SettingsPresenter.swift */,
				2911847B2450CD60007C534F /* EditProfilePresenter.swift */,
			);
			path = Presenters;
			sourceTree = "<group>";
		};
		299D32E62459170A009A7E37 /* Presenters */ = {
			isa = PBXGroup;
			children = (
				295108FA246C6EF90083F7EC /* Auth */,
				295108FB246C6F080083F7EC /* TeamProfile */,
				295108FC246C6F1D0083F7EC /* Roster */,
				29A12622246DDBA900581D30 /* Pull */,
				29A12621246DDBA100581D30 /* Games */,
			);
			path = Presenters;
			sourceTree = "<group>";
		};
		29A12613246DD57200581D30 /* Pull */ = {
			isa = PBXGroup;
			children = (
				29A12615246DD59600581D30 /* PullViewControllerTests.swift */,
				2930B9402471E8D0007A994E /* PlayGameViewControllerTests.swift */,
			);
			path = Pull;
			sourceTree = "<group>";
		};
		29A12614246DD58400581D30 /* Games */ = {
			isa = PBXGroup;
			children = (
				29A1261B246DDA2D00581D30 /* GamesViewControllerTests.swift */,
				2915A0422491D51A0072A414 /* GameDetailViewControllerTests.swift */,
				29AE86DE2495901F00C02D29 /* GamesCellViewModelTests.swift */,
			);
			path = Games;
			sourceTree = "<group>";
		};
		29A12617246DD69D00581D30 /* Presenters */ = {
			isa = PBXGroup;
			children = (
				29A12619246DD6C600581D30 /* PullPresenter.swift */,
				2930B93C2471E3F5007A994E /* PlayGamePresenter.swift */,
			);
			path = Presenters;
			sourceTree = "<group>";
		};
		29A12618246DD6A300581D30 /* ViewControllers */ = {
			isa = PBXGroup;
			children = (
				2910EB95243FC05F00BCF721 /* PullViewController.swift */,
				2930B93A2471E3B5007A994E /* PlayGameViewController.swift */,
				2939618B247EF43E0089A485 /* PlayerCollectionViewCell.swift */,
				2939618D247F0A3A0089A485 /* PlayersCollectionHeaderView.swift */,
			);
			path = ViewControllers;
			sourceTree = "<group>";
		};
		29A1261D246DDA6800581D30 /* ViewControllers */ = {
			isa = PBXGroup;
			children = (
				29AD5209243FE7600094DCDE /* GamesViewController.swift */,
				290973A42490845E00844F29 /* GamesTableViewCell.swift */,
				290973A82490898000844F29 /* GameDetailViewController.swift */,
			);
			path = ViewControllers;
			sourceTree = "<group>";
		};
		29A1261E246DDA6E00581D30 /* Presenters */ = {
			isa = PBXGroup;
			children = (
				29A1261F246DDAAA00581D30 /* GamesPresenter.swift */,
				290973AA249089F200844F29 /* GameDetailPresenter.swift */,
			);
			path = Presenters;
			sourceTree = "<group>";
		};
		29A12621246DDBA100581D30 /* Games */ = {
			isa = PBXGroup;
			children = (
				29A12625246DDC9700581D30 /* GamesPresenterTests.swift */,
				2915A0402491D3BA0072A414 /* GameDetailPresenterTests.swift */,
			);
			path = Games;
			sourceTree = "<group>";
		};
		29A12622246DDBA900581D30 /* Pull */ = {
			isa = PBXGroup;
			children = (
				29A12623246DDBB900581D30 /* PullPresenterTests.swift */,
				2930B93E2471E829007A994E /* PlayGamePresenterTests.swift */,
			);
			path = Pull;
			sourceTree = "<group>";
		};
		29AD51FA243FE2880094DCDE /* TeamProfile */ = {
			isa = PBXGroup;
			children = (
				297EB59124536FA6008DE8C6 /* Presenters */,
				297EB59024536F90008DE8C6 /* ViewControllers */,
				29AD5201243FE38F0094DCDE /* TeamProfile.storyboard */,
				29AD51FF243FE35E0094DCDE /* TeamProfileCoordinator.swift */,
				2989B7C8244906A90072FB34 /* TeamProfileViewModel.swift */,
			);
			path = TeamProfile;
			sourceTree = "<group>";
		};
		29AD51FB243FE2AD0094DCDE /* Games */ = {
			isa = PBXGroup;
			children = (
				29A1261E246DDA6E00581D30 /* Presenters */,
				29A1261D246DDA6800581D30 /* ViewControllers */,
				29AD5205243FE7110094DCDE /* Games.storyboard */,
				29AD5207243FE71D0094DCDE /* GamesCoordinator.swift */,
				290973A62490885D00844F29 /* GameViewModel.swift */,
				29AE86DC24958F0C00C02D29 /* GamesCellViewModel.swift */,
			);
			path = Games;
			sourceTree = "<group>";
		};
		29C29D1E246C917000CDBEBB /* Roster */ = {
			isa = PBXGroup;
			children = (
				29C29D1F246C918600CDBEBB /* RosterViewControllerTests.swift */,
				29C29D21246C983E00CDBEBB /* NewPlayerViewControllerTests.swift */,
				29C29D23246C9C5E00CDBEBB /* PlayerDetailViewControllerTests.swift */,
				29CAB5CA24726A28006A1026 /* RolesTableViewCellTests.swift */,
				294296862474B981009B0C9C /* RolesCellViewModelTests.swift */,
				29547CBF2492CC3A00EF6FC4 /* RosterCellViewModelTests.swift */,
			);
			path = Roster;
			sourceTree = "<group>";
		};
		29CEDCCA24730CEE00F7F635 /* Enums */ = {
			isa = PBXGroup;
			children = (
				29CEDCCB24730CFB00F7F635 /* Roles.swift */,
				29CEDCCD24730D3D00F7F635 /* Gender.swift */,
				29CEDCD72473138900F7F635 /* WindDirection.swift */,
				29CEDCD9247313A200F7F635 /* PointType.swift */,
			);
			path = Enums;
			sourceTree = "<group>";
		};
		29D0E13F24401215008E14F3 /* Auth */ = {
			isa = PBXGroup;
			children = (
				297EB58F24536F7A008DE8C6 /* Presenters */,
				297EB58E24536F6B008DE8C6 /* ViewControllers */,
				29D0E1422440128B008E14F3 /* Auth.storyboard */,
				29D0E14024401238008E14F3 /* AuthCoordinator.swift */,
			);
			path = Auth;
			sourceTree = "<group>";
		};
		29E6C69A245902E700E41586 /* MockClasses */ = {
			isa = PBXGroup;
			children = (
				29E6C69B245902FC00E41586 /* MockNavigationController.swift */,
				29E6C69D2459030800E41586 /* MockAuthManager.swift */,
				2997072F245BB5880017F219 /* MockDBManager.swift */,
				294296882474C1A5009B0C9C /* TableViewSpy.swift */,
				29D2CD4F247F3D6E008B1372 /* CollectionViewSpy.swift */,
			);
			path = MockClasses;
			sourceTree = "<group>";
		};
		29E6C6A124590CD400E41586 /* Coordinators */ = {
			isa = PBXGroup;
			children = (
				2910EB78243FA4C100BCF721 /* RootCoordinatorTests.swift */,
				29E6C69F2459074B00E41586 /* AuthCoordinatorTests.swift */,
				299D32DC245910B4009A7E37 /* MainTabBarCoordinatorTests.swift */,
				299D32DE2459122B009A7E37 /* TeamProfileCoordinatorTests.swift */,
				299D32E02459163C009A7E37 /* RosterCoordinatorTests.swift */,
				299D32E2245916B6009A7E37 /* PullCoordinatorTests.swift */,
				299D32E4245916E7009A7E37 /* GamesCoordinatorTests.swift */,
			);
			path = Coordinators;
			sourceTree = "<group>";
		};
		2A82467B46EBE53FA0A9B8B7 /* Pods */ = {
			isa = PBXGroup;
			children = (
				7D0D2CF08AD586DE27CE5129 /* Pods-StatsTracker.debug.xcconfig */,
				2A94E478690B9B709EAC8527 /* Pods-StatsTracker.release.xcconfig */,
				E707A5421FADCA7473E4E2D2 /* Pods-StatsTrackerTests.debug.xcconfig */,
				B96C0337CE51DEC03AA4D93F /* Pods-StatsTrackerTests.release.xcconfig */,
			);
			path = Pods;
			sourceTree = "<group>";
		};
		58159F7F6CED5B5CFB49FC54 /* Frameworks */ = {
			isa = PBXGroup;
			children = (
				E8BEBC8F5270F94EDCB9EF9E /* Pods_StatsTracker.framework */,
				92126AAE536C867113DE7343 /* Pods_StatsTrackerTests.framework */,
			);
			name = Frameworks;
			sourceTree = "<group>";
		};
/* End PBXGroup section */

/* Begin PBXNativeTarget section */
		2910EB5D243FA4C100BCF721 /* StatsTracker */ = {
			isa = PBXNativeTarget;
			buildConfigurationList = 2910EB7D243FA4C100BCF721 /* Build configuration list for PBXNativeTarget "StatsTracker" */;
			buildPhases = (
				EC4A2CBE197332A7A93BB624 /* [CP] Check Pods Manifest.lock */,
				2910EB5A243FA4C100BCF721 /* Sources */,
				2910EB5B243FA4C100BCF721 /* Frameworks */,
				2910EB5C243FA4C100BCF721 /* Resources */,
				54819AF6DD83C6B7A0A28D71 /* [CP] Embed Pods Frameworks */,
				29F38382246E41E200151079 /* ShellScript */,
			);
			buildRules = (
			);
			dependencies = (
			);
			name = StatsTracker;
			productName = StatsTracker;
			productReference = 2910EB5E243FA4C100BCF721 /* StatsTracker.app */;
			productType = "com.apple.product-type.application";
		};
		2910EB73243FA4C100BCF721 /* StatsTrackerTests */ = {
			isa = PBXNativeTarget;
			buildConfigurationList = 2910EB80243FA4C100BCF721 /* Build configuration list for PBXNativeTarget "StatsTrackerTests" */;
			buildPhases = (
				A875CDDEB9635BB018E4ED57 /* [CP] Check Pods Manifest.lock */,
				2910EB70243FA4C100BCF721 /* Sources */,
				2910EB71243FA4C100BCF721 /* Frameworks */,
				2910EB72243FA4C100BCF721 /* Resources */,
				1EEB90AA2E54C27C15A3633A /* [CP] Embed Pods Frameworks */,
			);
			buildRules = (
			);
			dependencies = (
				2910EB76243FA4C100BCF721 /* PBXTargetDependency */,
			);
			name = StatsTrackerTests;
			productName = StatsTrackerTests;
			productReference = 2910EB74243FA4C100BCF721 /* StatsTrackerTests.xctest */;
			productType = "com.apple.product-type.bundle.unit-test";
		};
/* End PBXNativeTarget section */

/* Begin PBXProject section */
		2910EB56243FA4C100BCF721 /* Project object */ = {
			isa = PBXProject;
			attributes = {
				LastSwiftUpdateCheck = 1140;
				LastUpgradeCheck = 1140;
				ORGANIZATIONNAME = "Rachel Anderson";
				TargetAttributes = {
					2910EB5D243FA4C100BCF721 = {
						CreatedOnToolsVersion = 11.4;
					};
					2910EB73243FA4C100BCF721 = {
						CreatedOnToolsVersion = 11.4;
						TestTargetID = 2910EB5D243FA4C100BCF721;
					};
				};
			};
			buildConfigurationList = 2910EB59243FA4C100BCF721 /* Build configuration list for PBXProject "StatsTracker" */;
			compatibilityVersion = "Xcode 9.3";
			developmentRegion = en;
			hasScannedForEncodings = 0;
			knownRegions = (
				en,
				Base,
			);
			mainGroup = 2910EB55243FA4C100BCF721;
			productRefGroup = 2910EB5F243FA4C100BCF721 /* Products */;
			projectDirPath = "";
			projectRoot = "";
			targets = (
				2910EB5D243FA4C100BCF721 /* StatsTracker */,
				2910EB73243FA4C100BCF721 /* StatsTrackerTests */,
			);
		};
/* End PBXProject section */

/* Begin PBXResourcesBuildPhase section */
		2910EB5C243FA4C100BCF721 /* Resources */ = {
			isa = PBXResourcesBuildPhase;
			buildActionMask = 2147483647;
			files = (
				294A8743244666F6003FC969 /* Root.storyboard in Resources */,
				29AD5206243FE7110094DCDE /* Games.storyboard in Resources */,
				29B8B36E2440FE640068B24D /* GoogleService-Info.plist in Resources */,
				2910EB6E243FA4C100BCF721 /* LaunchScreen.storyboard in Resources */,
				29D0E1432440128B008E14F3 /* Auth.storyboard in Resources */,
				2910EB6B243FA4C100BCF721 /* Assets.xcassets in Resources */,
				2910EB69243FA4C100BCF721 /* Roster.storyboard in Resources */,
				2910EB94243FC03000BCF721 /* Pull.storyboard in Resources */,
				29AD5202243FE38F0094DCDE /* TeamProfile.storyboard in Resources */,
			);
			runOnlyForDeploymentPostprocessing = 0;
		};
		2910EB72243FA4C100BCF721 /* Resources */ = {
			isa = PBXResourcesBuildPhase;
			buildActionMask = 2147483647;
			files = (
			);
			runOnlyForDeploymentPostprocessing = 0;
		};
/* End PBXResourcesBuildPhase section */

/* Begin PBXShellScriptBuildPhase section */
		1EEB90AA2E54C27C15A3633A /* [CP] Embed Pods Frameworks */ = {
			isa = PBXShellScriptBuildPhase;
			buildActionMask = 2147483647;
			files = (
			);
			inputFileListPaths = (
				"${PODS_ROOT}/Target Support Files/Pods-StatsTrackerTests/Pods-StatsTrackerTests-frameworks-${CONFIGURATION}-input-files.xcfilelist",
			);
			name = "[CP] Embed Pods Frameworks";
			outputFileListPaths = (
				"${PODS_ROOT}/Target Support Files/Pods-StatsTrackerTests/Pods-StatsTrackerTests-frameworks-${CONFIGURATION}-output-files.xcfilelist",
			);
			runOnlyForDeploymentPostprocessing = 0;
			shellPath = /bin/sh;
			shellScript = "\"${PODS_ROOT}/Target Support Files/Pods-StatsTrackerTests/Pods-StatsTrackerTests-frameworks.sh\"\n";
			showEnvVarsInLog = 0;
		};
		29F38382246E41E200151079 /* ShellScript */ = {
			isa = PBXShellScriptBuildPhase;
			buildActionMask = 2147483647;
			files = (
			);
			inputFileListPaths = (
			);
			inputPaths = (
				"$(SRCROOT)/$(BUILT_PRODUCTS_DIR)/$(INFOPLIST_PATH)",
			);
			outputFileListPaths = (
			);
			outputPaths = (
			);
			runOnlyForDeploymentPostprocessing = 0;
			shellPath = /bin/sh;
			shellScript = "# Type a script or drag a script file from your workspace to insert its path.\n\"${PODS_ROOT}/FirebaseCrashlytics/run\"\n";
		};
		54819AF6DD83C6B7A0A28D71 /* [CP] Embed Pods Frameworks */ = {
			isa = PBXShellScriptBuildPhase;
			buildActionMask = 2147483647;
			files = (
			);
			inputFileListPaths = (
				"${PODS_ROOT}/Target Support Files/Pods-StatsTracker/Pods-StatsTracker-frameworks-${CONFIGURATION}-input-files.xcfilelist",
			);
			name = "[CP] Embed Pods Frameworks";
			outputFileListPaths = (
				"${PODS_ROOT}/Target Support Files/Pods-StatsTracker/Pods-StatsTracker-frameworks-${CONFIGURATION}-output-files.xcfilelist",
			);
			runOnlyForDeploymentPostprocessing = 0;
			shellPath = /bin/sh;
			shellScript = "\"${PODS_ROOT}/Target Support Files/Pods-StatsTracker/Pods-StatsTracker-frameworks.sh\"\n";
			showEnvVarsInLog = 0;
		};
		A875CDDEB9635BB018E4ED57 /* [CP] Check Pods Manifest.lock */ = {
			isa = PBXShellScriptBuildPhase;
			buildActionMask = 2147483647;
			files = (
			);
			inputFileListPaths = (
			);
			inputPaths = (
				"${PODS_PODFILE_DIR_PATH}/Podfile.lock",
				"${PODS_ROOT}/Manifest.lock",
			);
			name = "[CP] Check Pods Manifest.lock";
			outputFileListPaths = (
			);
			outputPaths = (
				"$(DERIVED_FILE_DIR)/Pods-StatsTrackerTests-checkManifestLockResult.txt",
			);
			runOnlyForDeploymentPostprocessing = 0;
			shellPath = /bin/sh;
			shellScript = "diff \"${PODS_PODFILE_DIR_PATH}/Podfile.lock\" \"${PODS_ROOT}/Manifest.lock\" > /dev/null\nif [ $? != 0 ] ; then\n    # print error to STDERR\n    echo \"error: The sandbox is not in sync with the Podfile.lock. Run 'pod install' or update your CocoaPods installation.\" >&2\n    exit 1\nfi\n# This output is used by Xcode 'outputs' to avoid re-running this script phase.\necho \"SUCCESS\" > \"${SCRIPT_OUTPUT_FILE_0}\"\n";
			showEnvVarsInLog = 0;
		};
		EC4A2CBE197332A7A93BB624 /* [CP] Check Pods Manifest.lock */ = {
			isa = PBXShellScriptBuildPhase;
			buildActionMask = 2147483647;
			files = (
			);
			inputFileListPaths = (
			);
			inputPaths = (
				"${PODS_PODFILE_DIR_PATH}/Podfile.lock",
				"${PODS_ROOT}/Manifest.lock",
			);
			name = "[CP] Check Pods Manifest.lock";
			outputFileListPaths = (
			);
			outputPaths = (
				"$(DERIVED_FILE_DIR)/Pods-StatsTracker-checkManifestLockResult.txt",
			);
			runOnlyForDeploymentPostprocessing = 0;
			shellPath = /bin/sh;
			shellScript = "diff \"${PODS_PODFILE_DIR_PATH}/Podfile.lock\" \"${PODS_ROOT}/Manifest.lock\" > /dev/null\nif [ $? != 0 ] ; then\n    # print error to STDERR\n    echo \"error: The sandbox is not in sync with the Podfile.lock. Run 'pod install' or update your CocoaPods installation.\" >&2\n    exit 1\nfi\n# This output is used by Xcode 'outputs' to avoid re-running this script phase.\necho \"SUCCESS\" > \"${SCRIPT_OUTPUT_FILE_0}\"\n";
			showEnvVarsInLog = 0;
		};
/* End PBXShellScriptBuildPhase section */

/* Begin PBXSourcesBuildPhase section */
		2910EB5A243FA4C100BCF721 /* Sources */ = {
			isa = PBXSourcesBuildPhase;
			buildActionMask = 2147483647;
			files = (
				29431EB2244776BB00B1302A /* EditProfileViewController.swift in Sources */,
				2910EB96243FC05F00BCF721 /* PullViewController.swift in Sources */,
				2930B93B2471E3B5007A994E /* PlayGameViewController.swift in Sources */,
				29547CBE2492B58800EF6FC4 /* RosterCellViewModel.swift in Sources */,
				297B4E0B244B6FB4001233B9 /* AuthenticationManager.swift in Sources */,
				29592CE22489C9C600032763 /* ScoreModelConstants.swift in Sources */,
				2973A8D8245B518E002CD459 /* DBError.swift in Sources */,
				29AD5200243FE35E0094DCDE /* TeamProfileCoordinator.swift in Sources */,
				29CEDCCE24730D3D00F7F635 /* Gender.swift in Sources */,
				29592CE02489C42600032763 /* GameModelConstants.swift in Sources */,
				2930B93D2471E3F5007A994E /* PlayGamePresenter.swift in Sources */,
				29B8B36C2440E1690068B24D /* LoginViewController.swift in Sources */,
				291184782450BF8D007C534F /* TeamProfilePresenter.swift in Sources */,
				294A874524466889003FC969 /* RootCoordinator.swift in Sources */,
				29A12620246DDAAA00581D30 /* GamesPresenter.swift in Sources */,
				2905319F2461EB2100478FF9 /* RosterPresenter.swift in Sources */,
				292D7B8024637DD700910A7C /* PlayerModel.swift in Sources */,
				290531A12461F50800478FF9 /* NewPlayerViewController.swift in Sources */,
				29DE1CC2247399B800646030 /* CustomError.swift in Sources */,
				290973A92490898000844F29 /* GameDetailViewController.swift in Sources */,
				29CCF52524414921003F201A /* Constants.swift in Sources */,
				29CCF52324414233003F201A /* SettingsTableViewCell.swift in Sources */,
				295D80B8245128C600CD8CBF /* LoginPresenter.swift in Sources */,
				29AD520A243FE7600094DCDE /* GamesViewController.swift in Sources */,
				2930B9432471F6AF007A994E /* RolesTableViewCell.swift in Sources */,
				2969BC59244A2C4400E95EBA /* MainTabBarCoordinator.swift in Sources */,
				294A874A2446ABFF003FC969 /* FirebaseKeys.swift in Sources */,
				29CEDCDA247313A200F7F635 /* PointType.swift in Sources */,
				29AE86DD24958F0C00C02D29 /* GamesCellViewModel.swift in Sources */,
				290531A32461F56500478FF9 /* NewPlayerPresenter.swift in Sources */,
				2989B7C9244906A90072FB34 /* TeamProfileViewModel.swift in Sources */,
				29E8FCE124723D5E00DA5138 /* RolesCellViewModel.swift in Sources */,
				29C61B33245A2ED400F00987 /* DatabaseManager.swift in Sources */,
				29A279C22462644F00C91FDF /* PlayerDetailViewController.swift in Sources */,
				29A279BE2462162E00C91FDF /* PlayerViewModel.swift in Sources */,
				293946A02443FD530021D07B /* SettingsViewController.swift in Sources */,
				2910EB90243FB1D600BCF721 /* MainTabBarController.swift in Sources */,
				29458D072447AA9900EC03AB /* UserDataModel.swift in Sources */,
				29B8B36A2440E13E0068B24D /* SignUpViewController.swift in Sources */,
				290973A72490885D00844F29 /* GameViewModel.swift in Sources */,
				2901C04F24608E3B00635299 /* RosterTableViewCell.swift in Sources */,
				290973AB249089F200844F29 /* GameDetailPresenter.swift in Sources */,
				2966446A2452412C0013D902 /* Presenter.swift in Sources */,
				290309B724906F7C004C7E3C /* PointModelConstants.swift in Sources */,
				29AD5204243FE3C50094DCDE /* TeamProfileViewController.swift in Sources */,
				29A1261A246DD6C600581D30 /* PullPresenter.swift in Sources */,
				295D80B6245128BB00CD8CBF /* SignUpPresenter.swift in Sources */,
				2910EB84243FA53000BCF721 /* Coordinator.swift in Sources */,
				29CEDCD42473109500F7F635 /* DocumentSerializable.swift in Sources */,
				2939618E247F0A3A0089A485 /* PlayersCollectionHeaderView.swift in Sources */,
				2910EB66243FA4C100BCF721 /* RosterViewController.swift in Sources */,
				29CEDCD6247310FB00F7F635 /* ScoreModel.swift in Sources */,
				294AAF28245E481C006B723E /* Errors.swift in Sources */,
				2939469C2443E64F0021D07B /* FirebaseAuthManager.swift in Sources */,
				2910EB92243FBFC400BCF721 /* PullCoordinator.swift in Sources */,
				2911847C2450CD60007C534F /* EditProfilePresenter.swift in Sources */,
				294A874024466517003FC969 /* RootViewController.swift in Sources */,
				2910EB86243FA53D00BCF721 /* Storyboarded.swift in Sources */,
				29210DF124687F2800CDBFF9 /* PlayerModelConstants.swift in Sources */,
				29AD5208243FE71D0094DCDE /* GamesCoordinator.swift in Sources */,
				29CEDCD024730FD600F7F635 /* GameDataModel.swift in Sources */,
				2910EB62243FA4C100BCF721 /* AppDelegate.swift in Sources */,
				29CEDCCC24730CFB00F7F635 /* Roles.swift in Sources */,
				29A279C42462648400C91FDF /* PlayerDetailPresenter.swift in Sources */,
				29D0E1452440129A008E14F3 /* HomeViewController.swift in Sources */,
				290973A52490845E00844F29 /* GamesTableViewCell.swift in Sources */,
				29CEDCD224730FF900F7F635 /* PointDataModel.swift in Sources */,
				29CEDCD82473138900F7F635 /* WindDirection.swift in Sources */,
				29C61B31245A17B600F00987 /* FirestoreDBManager.swift in Sources */,
				2973A8DB245B5209002CD459 /* UserDataModelConstants.swift in Sources */,
				2911847A2450CA16007C534F /* SettingsPresenter.swift in Sources */,
				2973A8D6245B5159002CD459 /* AuthError.swift in Sources */,
				2910EB88243FA56A00BCF721 /* RosterCoordinator.swift in Sources */,
				29D0E14124401238008E14F3 /* AuthCoordinator.swift in Sources */,
				2910EB64243FA4C100BCF721 /* SceneDelegate.swift in Sources */,
				2939618C247EF43E0089A485 /* PlayerCollectionViewCell.swift in Sources */,
			);
			runOnlyForDeploymentPostprocessing = 0;
		};
		2910EB70243FA4C100BCF721 /* Sources */ = {
			isa = PBXSourcesBuildPhase;
			buildActionMask = 2147483647;
			files = (
				29510902246C73CC0083F7EC /* SettingsViewControllerTests.swift in Sources */,
				299D32E824591782009A7E37 /* SignUpPresenterTests.swift in Sources */,
				2910EB79243FA4C100BCF721 /* RootCoordinatorTests.swift in Sources */,
				29CAB5CB24726A28006A1026 /* RolesTableViewCellTests.swift in Sources */,
				295108F7246C6BFC0083F7EC /* LoginViewControllerTests.swift in Sources */,
				299D32E3245916B6009A7E37 /* PullCoordinatorTests.swift in Sources */,
				29A12626246DDC9700581D30 /* GamesPresenterTests.swift in Sources */,
				295108F9246C6CCD0083F7EC /* MainTabBarControllerTests.swift in Sources */,
				29C29D24246C9C5E00CDBEBB /* PlayerDetailViewControllerTests.swift in Sources */,
				2990A4A82468FD1E00F5F745 /* RosterPresenterTests.swift in Sources */,
				29AE86DF2495901F00C02D29 /* GamesCellViewModelTests.swift in Sources */,
				29E6C69E2459030800E41586 /* MockAuthManager.swift in Sources */,
				2930B93F2471E829007A994E /* PlayGamePresenterTests.swift in Sources */,
				29D9A7502469F653002BBAC1 /* PlayerDetailPresenterTests.swift in Sources */,
				299D32DD245910B4009A7E37 /* MainTabBarCoordinatorTests.swift in Sources */,
				29A1261C246DDA2D00581D30 /* GamesViewControllerTests.swift in Sources */,
				29547CC02492CC3A00EF6FC4 /* RosterCellViewModelTests.swift in Sources */,
				2985662B2459F70E00E0F77A /* SettingsPresenterTests.swift in Sources */,
				29C29D20246C918700CDBEBB /* RosterViewControllerTests.swift in Sources */,
				2915A0412491D3BA0072A414 /* GameDetailPresenterTests.swift in Sources */,
				298566292459F26200E0F77A /* TeamProfilePresenterTests.swift in Sources */,
				29510904246C78010083F7EC /* EditProfileViewControllerTests.swift in Sources */,
				29D9A74E2469F130002BBAC1 /* NewPlayerPresenterTests.swift in Sources */,
				29053587245A0B0B00A72DCF /* TestConstants.swift in Sources */,
				29E6C6A02459074B00E41586 /* AuthCoordinatorTests.swift in Sources */,
				29970730245BB5880017F219 /* MockDBManager.swift in Sources */,
				29A12616246DD59600581D30 /* PullViewControllerTests.swift in Sources */,
				29C29D22246C983E00CDBEBB /* NewPlayerViewControllerTests.swift in Sources */,
				29E6C69C245902FC00E41586 /* MockNavigationController.swift in Sources */,
				299D32DF2459122B009A7E37 /* TeamProfileCoordinatorTests.swift in Sources */,
				2930B9412471E8D0007A994E /* PlayGameViewControllerTests.swift in Sources */,
				294296872474B981009B0C9C /* RolesCellViewModelTests.swift in Sources */,
				295108FE246C6F510083F7EC /* TeamProfileViewControllerTests.swift in Sources */,
				295108F5246C687D0083F7EC /* SignUpViewControllerTests.swift in Sources */,
				295108F3246C66DD0083F7EC /* HomeViewControllerTests.swift in Sources */,
				294296892474C1A5009B0C9C /* TableViewSpy.swift in Sources */,
				29A12624246DDBB900581D30 /* PullPresenterTests.swift in Sources */,
				294455592459F1A60085B7EE /* LoginPresenterTests.swift in Sources */,
				299D32E5245916E7009A7E37 /* GamesCoordinatorTests.swift in Sources */,
				2915A0432491D51A0072A414 /* GameDetailViewControllerTests.swift in Sources */,
				29D2CD50247F3D6E008B1372 /* CollectionViewSpy.swift in Sources */,
				29053585245A098300A72DCF /* EditProfilePresenterTests.swift in Sources */,
				299D32E12459163C009A7E37 /* RosterCoordinatorTests.swift in Sources */,
			);
			runOnlyForDeploymentPostprocessing = 0;
		};
/* End PBXSourcesBuildPhase section */

/* Begin PBXTargetDependency section */
		2910EB76243FA4C100BCF721 /* PBXTargetDependency */ = {
			isa = PBXTargetDependency;
			target = 2910EB5D243FA4C100BCF721 /* StatsTracker */;
			targetProxy = 2910EB75243FA4C100BCF721 /* PBXContainerItemProxy */;
		};
/* End PBXTargetDependency section */

/* Begin PBXVariantGroup section */
		2910EB67243FA4C100BCF721 /* Roster.storyboard */ = {
			isa = PBXVariantGroup;
			children = (
				2910EB68243FA4C100BCF721 /* Base */,
			);
			name = Roster.storyboard;
			sourceTree = "<group>";
		};
		2910EB6C243FA4C100BCF721 /* LaunchScreen.storyboard */ = {
			isa = PBXVariantGroup;
			children = (
				2910EB6D243FA4C100BCF721 /* Base */,
			);
			name = LaunchScreen.storyboard;
			sourceTree = "<group>";
		};
/* End PBXVariantGroup section */

/* Begin XCBuildConfiguration section */
		2910EB7B243FA4C100BCF721 /* Debug */ = {
			isa = XCBuildConfiguration;
			buildSettings = {
				ALWAYS_SEARCH_USER_PATHS = NO;
				CLANG_ANALYZER_NONNULL = YES;
				CLANG_ANALYZER_NUMBER_OBJECT_CONVERSION = YES_AGGRESSIVE;
				CLANG_CXX_LANGUAGE_STANDARD = "gnu++14";
				CLANG_CXX_LIBRARY = "libc++";
				CLANG_ENABLE_MODULES = YES;
				CLANG_ENABLE_OBJC_ARC = YES;
				CLANG_ENABLE_OBJC_WEAK = YES;
				CLANG_WARN_BLOCK_CAPTURE_AUTORELEASING = YES;
				CLANG_WARN_BOOL_CONVERSION = YES;
				CLANG_WARN_COMMA = YES;
				CLANG_WARN_CONSTANT_CONVERSION = YES;
				CLANG_WARN_DEPRECATED_OBJC_IMPLEMENTATIONS = YES;
				CLANG_WARN_DIRECT_OBJC_ISA_USAGE = YES_ERROR;
				CLANG_WARN_DOCUMENTATION_COMMENTS = YES;
				CLANG_WARN_EMPTY_BODY = YES;
				CLANG_WARN_ENUM_CONVERSION = YES;
				CLANG_WARN_INFINITE_RECURSION = YES;
				CLANG_WARN_INT_CONVERSION = YES;
				CLANG_WARN_NON_LITERAL_NULL_CONVERSION = YES;
				CLANG_WARN_OBJC_IMPLICIT_RETAIN_SELF = YES;
				CLANG_WARN_OBJC_LITERAL_CONVERSION = YES;
				CLANG_WARN_OBJC_ROOT_CLASS = YES_ERROR;
				CLANG_WARN_RANGE_LOOP_ANALYSIS = YES;
				CLANG_WARN_STRICT_PROTOTYPES = YES;
				CLANG_WARN_SUSPICIOUS_MOVE = YES;
				CLANG_WARN_UNGUARDED_AVAILABILITY = YES_AGGRESSIVE;
				CLANG_WARN_UNREACHABLE_CODE = YES;
				CLANG_WARN__DUPLICATE_METHOD_MATCH = YES;
				COPY_PHASE_STRIP = NO;
				DEBUG_INFORMATION_FORMAT = dwarf;
				ENABLE_STRICT_OBJC_MSGSEND = YES;
				ENABLE_TESTABILITY = YES;
				GCC_C_LANGUAGE_STANDARD = gnu11;
				GCC_DYNAMIC_NO_PIC = NO;
				GCC_NO_COMMON_BLOCKS = YES;
				GCC_OPTIMIZATION_LEVEL = 0;
				GCC_PREPROCESSOR_DEFINITIONS = (
					"DEBUG=1",
					"$(inherited)",
				);
				GCC_WARN_64_TO_32_BIT_CONVERSION = YES;
				GCC_WARN_ABOUT_RETURN_TYPE = YES_ERROR;
				GCC_WARN_UNDECLARED_SELECTOR = YES;
				GCC_WARN_UNINITIALIZED_AUTOS = YES_AGGRESSIVE;
				GCC_WARN_UNUSED_FUNCTION = YES;
				GCC_WARN_UNUSED_VARIABLE = YES;
				IPHONEOS_DEPLOYMENT_TARGET = 13.4;
				MTL_ENABLE_DEBUG_INFO = INCLUDE_SOURCE;
				MTL_FAST_MATH = YES;
				ONLY_ACTIVE_ARCH = YES;
				SDKROOT = iphoneos;
				SWIFT_ACTIVE_COMPILATION_CONDITIONS = DEBUG;
				SWIFT_OPTIMIZATION_LEVEL = "-Onone";
			};
			name = Debug;
		};
		2910EB7C243FA4C100BCF721 /* Release */ = {
			isa = XCBuildConfiguration;
			buildSettings = {
				ALWAYS_SEARCH_USER_PATHS = NO;
				CLANG_ANALYZER_NONNULL = YES;
				CLANG_ANALYZER_NUMBER_OBJECT_CONVERSION = YES_AGGRESSIVE;
				CLANG_CXX_LANGUAGE_STANDARD = "gnu++14";
				CLANG_CXX_LIBRARY = "libc++";
				CLANG_ENABLE_MODULES = YES;
				CLANG_ENABLE_OBJC_ARC = YES;
				CLANG_ENABLE_OBJC_WEAK = YES;
				CLANG_WARN_BLOCK_CAPTURE_AUTORELEASING = YES;
				CLANG_WARN_BOOL_CONVERSION = YES;
				CLANG_WARN_COMMA = YES;
				CLANG_WARN_CONSTANT_CONVERSION = YES;
				CLANG_WARN_DEPRECATED_OBJC_IMPLEMENTATIONS = YES;
				CLANG_WARN_DIRECT_OBJC_ISA_USAGE = YES_ERROR;
				CLANG_WARN_DOCUMENTATION_COMMENTS = YES;
				CLANG_WARN_EMPTY_BODY = YES;
				CLANG_WARN_ENUM_CONVERSION = YES;
				CLANG_WARN_INFINITE_RECURSION = YES;
				CLANG_WARN_INT_CONVERSION = YES;
				CLANG_WARN_NON_LITERAL_NULL_CONVERSION = YES;
				CLANG_WARN_OBJC_IMPLICIT_RETAIN_SELF = YES;
				CLANG_WARN_OBJC_LITERAL_CONVERSION = YES;
				CLANG_WARN_OBJC_ROOT_CLASS = YES_ERROR;
				CLANG_WARN_RANGE_LOOP_ANALYSIS = YES;
				CLANG_WARN_STRICT_PROTOTYPES = YES;
				CLANG_WARN_SUSPICIOUS_MOVE = YES;
				CLANG_WARN_UNGUARDED_AVAILABILITY = YES_AGGRESSIVE;
				CLANG_WARN_UNREACHABLE_CODE = YES;
				CLANG_WARN__DUPLICATE_METHOD_MATCH = YES;
				COPY_PHASE_STRIP = NO;
				DEBUG_INFORMATION_FORMAT = "dwarf-with-dsym";
				ENABLE_NS_ASSERTIONS = NO;
				ENABLE_STRICT_OBJC_MSGSEND = YES;
				GCC_C_LANGUAGE_STANDARD = gnu11;
				GCC_NO_COMMON_BLOCKS = YES;
				GCC_WARN_64_TO_32_BIT_CONVERSION = YES;
				GCC_WARN_ABOUT_RETURN_TYPE = YES_ERROR;
				GCC_WARN_UNDECLARED_SELECTOR = YES;
				GCC_WARN_UNINITIALIZED_AUTOS = YES_AGGRESSIVE;
				GCC_WARN_UNUSED_FUNCTION = YES;
				GCC_WARN_UNUSED_VARIABLE = YES;
				IPHONEOS_DEPLOYMENT_TARGET = 13.4;
				MTL_ENABLE_DEBUG_INFO = NO;
				MTL_FAST_MATH = YES;
				SDKROOT = iphoneos;
				SWIFT_COMPILATION_MODE = wholemodule;
				SWIFT_OPTIMIZATION_LEVEL = "-O";
				VALIDATE_PRODUCT = YES;
			};
			name = Release;
		};
		2910EB7E243FA4C100BCF721 /* Debug */ = {
			isa = XCBuildConfiguration;
			baseConfigurationReference = 7D0D2CF08AD586DE27CE5129 /* Pods-StatsTracker.debug.xcconfig */;
			buildSettings = {
				ASSETCATALOG_COMPILER_APPICON_NAME = AppIcon;
				CODE_SIGN_IDENTITY = "Apple Development";
				CODE_SIGN_STYLE = Automatic;
				DEBUG_INFORMATION_FORMAT = "dwarf-with-dsym";
				DEVELOPMENT_TEAM = XJ59UMG942;
				INFOPLIST_FILE = StatsTracker/Info.plist;
				IPHONEOS_DEPLOYMENT_TARGET = 13.4;
				LD_RUNPATH_SEARCH_PATHS = (
					"$(inherited)",
					"@executable_path/Frameworks",
				);
				PRODUCT_BUNDLE_IDENTIFIER = com.Rachel.StatsTracker27;
				PRODUCT_NAME = "$(TARGET_NAME)";
				SWIFT_VERSION = 5.0;
				TARGETED_DEVICE_FAMILY = "1,2";
			};
			name = Debug;
		};
		2910EB7F243FA4C100BCF721 /* Release */ = {
			isa = XCBuildConfiguration;
			baseConfigurationReference = 2A94E478690B9B709EAC8527 /* Pods-StatsTracker.release.xcconfig */;
			buildSettings = {
				ASSETCATALOG_COMPILER_APPICON_NAME = AppIcon;
				CODE_SIGN_IDENTITY = "Apple Development";
				CODE_SIGN_STYLE = Automatic;
				DEVELOPMENT_TEAM = XJ59UMG942;
				INFOPLIST_FILE = StatsTracker/Info.plist;
				IPHONEOS_DEPLOYMENT_TARGET = 13.4;
				LD_RUNPATH_SEARCH_PATHS = (
					"$(inherited)",
					"@executable_path/Frameworks",
				);
				PRODUCT_BUNDLE_IDENTIFIER = com.Rachel.StatsTracker27;
				PRODUCT_NAME = "$(TARGET_NAME)";
				SWIFT_VERSION = 5.0;
				TARGETED_DEVICE_FAMILY = "1,2";
			};
			name = Release;
		};
		2910EB81243FA4C100BCF721 /* Debug */ = {
			isa = XCBuildConfiguration;
			baseConfigurationReference = E707A5421FADCA7473E4E2D2 /* Pods-StatsTrackerTests.debug.xcconfig */;
			buildSettings = {
				ALWAYS_EMBED_SWIFT_STANDARD_LIBRARIES = "$(inherited)";
				BUNDLE_LOADER = "$(TEST_HOST)";
				CODE_SIGN_STYLE = Automatic;
				DEVELOPMENT_TEAM = "";
				INFOPLIST_FILE = StatsTrackerTests/Info.plist;
				IPHONEOS_DEPLOYMENT_TARGET = 13.4;
				LD_RUNPATH_SEARCH_PATHS = (
					"$(inherited)",
					"@executable_path/Frameworks",
					"@loader_path/Frameworks",
				);
				PRODUCT_BUNDLE_IDENTIFIER = com.Rachel.StatsTrackerTests;
				PRODUCT_NAME = "$(TARGET_NAME)";
				SWIFT_VERSION = 5.0;
				TARGETED_DEVICE_FAMILY = "1,2";
				TEST_HOST = "$(BUILT_PRODUCTS_DIR)/StatsTracker.app/StatsTracker";
			};
			name = Debug;
		};
		2910EB82243FA4C100BCF721 /* Release */ = {
			isa = XCBuildConfiguration;
			baseConfigurationReference = B96C0337CE51DEC03AA4D93F /* Pods-StatsTrackerTests.release.xcconfig */;
			buildSettings = {
				ALWAYS_EMBED_SWIFT_STANDARD_LIBRARIES = "$(inherited)";
				BUNDLE_LOADER = "$(TEST_HOST)";
				CODE_SIGN_STYLE = Automatic;
				DEVELOPMENT_TEAM = "";
				INFOPLIST_FILE = StatsTrackerTests/Info.plist;
				IPHONEOS_DEPLOYMENT_TARGET = 13.4;
				LD_RUNPATH_SEARCH_PATHS = (
					"$(inherited)",
					"@executable_path/Frameworks",
					"@loader_path/Frameworks",
				);
				PRODUCT_BUNDLE_IDENTIFIER = com.Rachel.StatsTrackerTests;
				PRODUCT_NAME = "$(TARGET_NAME)";
				SWIFT_VERSION = 5.0;
				TARGETED_DEVICE_FAMILY = "1,2";
				TEST_HOST = "$(BUILT_PRODUCTS_DIR)/StatsTracker.app/StatsTracker";
			};
			name = Release;
		};
/* End XCBuildConfiguration section */

/* Begin XCConfigurationList section */
		2910EB59243FA4C100BCF721 /* Build configuration list for PBXProject "StatsTracker" */ = {
			isa = XCConfigurationList;
			buildConfigurations = (
				2910EB7B243FA4C100BCF721 /* Debug */,
				2910EB7C243FA4C100BCF721 /* Release */,
			);
			defaultConfigurationIsVisible = 0;
			defaultConfigurationName = Release;
		};
		2910EB7D243FA4C100BCF721 /* Build configuration list for PBXNativeTarget "StatsTracker" */ = {
			isa = XCConfigurationList;
			buildConfigurations = (
				2910EB7E243FA4C100BCF721 /* Debug */,
				2910EB7F243FA4C100BCF721 /* Release */,
			);
			defaultConfigurationIsVisible = 0;
			defaultConfigurationName = Release;
		};
		2910EB80243FA4C100BCF721 /* Build configuration list for PBXNativeTarget "StatsTrackerTests" */ = {
			isa = XCConfigurationList;
			buildConfigurations = (
				2910EB81243FA4C100BCF721 /* Debug */,
				2910EB82243FA4C100BCF721 /* Release */,
			);
			defaultConfigurationIsVisible = 0;
			defaultConfigurationName = Release;
		};
/* End XCConfigurationList section */
	};
	rootObject = 2910EB56243FA4C100BCF721 /* Project object */;
}
